// !$*UTF8*$!
{
	archiveVersion = 1;
	classes = {
	};
	objectVersion = 47;
	objects = {

/* Begin PBXBuildFile section */
		1BF01FE19BCFCD03459A8323 /* libPods-safedriveaskpass.a in Frameworks */ = {isa = PBXBuildFile; fileRef = 2F58E3589AEF1D92EE613835 /* libPods-safedriveaskpass.a */; };
		7304AA053B6B9154CFFDF0E3 /* Pods_SafeDriveFinder.framework in Frameworks */ = {isa = PBXBuildFile; fileRef = CD1169D271386AF89774EE8A /* Pods_SafeDriveFinder.framework */; };
		A45C2D767E0C6802573535E1 /* Pods_SafeDriveService.framework in Frameworks */ = {isa = PBXBuildFile; fileRef = EC5F0B8A3B11CCA2364971B3 /* Pods_SafeDriveService.framework */; };
		AA0A7D151A19670600DCB77E /* SDAccountWindowController.m in Sources */ = {isa = PBXBuildFile; fileRef = AA0A7D131A19670600DCB77E /* SDAccountWindowController.m */; };
		AA0A7D191A19682000DCB77E /* PreferencesWindow.xib in Resources */ = {isa = PBXBuildFile; fileRef = AA0A7D1B1A19682000DCB77E /* PreferencesWindow.xib */; };
		AA0A7D1E1A19682D00DCB77E /* SDAccountWindow.xib in Resources */ = {isa = PBXBuildFile; fileRef = AA0A7D201A19682D00DCB77E /* SDAccountWindow.xib */; };
		AA0A7D261A1968BB00DCB77E /* Localizable.strings in Resources */ = {isa = PBXBuildFile; fileRef = AA0A7D291A1968BB00DCB77E /* Localizable.strings */; };
		AA0A7D271A1968BB00DCB77E /* Localizable.strings in Resources */ = {isa = PBXBuildFile; fileRef = AA0A7D291A1968BB00DCB77E /* Localizable.strings */; };
		AA13CB9F1A7212F000A91C7A /* main.m in Sources */ = {isa = PBXBuildFile; fileRef = AA13CB9D1A7212F000A91C7A /* main.m */; };
		AA1A46101BEDE685004A5310 /* HKTHashProvider.m in Sources */ = {isa = PBXBuildFile; fileRef = AA1A460F1BEDE685004A5310 /* HKTHashProvider.m */; };
		AA1B5EEA1CA1B4A5005DCB81 /* Realm.framework in Frameworks */ = {isa = PBXBuildFile; fileRef = AA1B5EE81CA1B4A5005DCB81 /* Realm.framework */; };
		AA1B5EEB1CA1B4A5005DCB81 /* RealmSwift.framework in Frameworks */ = {isa = PBXBuildFile; fileRef = AA1B5EE91CA1B4A5005DCB81 /* RealmSwift.framework */; };
		AA1B5EEC1CA1B4CF005DCB81 /* Realm.framework in Frameworks */ = {isa = PBXBuildFile; fileRef = AA1B5EE81CA1B4A5005DCB81 /* Realm.framework */; };
		AA1B5EED1CA1B4CF005DCB81 /* RealmSwift.framework in Frameworks */ = {isa = PBXBuildFile; fileRef = AA1B5EE91CA1B4A5005DCB81 /* RealmSwift.framework */; };
		AA1B5EEE1CA1B510005DCB81 /* Realm.framework in CopyFiles */ = {isa = PBXBuildFile; fileRef = AA1B5EE81CA1B4A5005DCB81 /* Realm.framework */; settings = {ATTRIBUTES = (CodeSignOnCopy, RemoveHeadersOnCopy, ); }; };
		AA1B5EEF1CA1B510005DCB81 /* RealmSwift.framework in CopyFiles */ = {isa = PBXBuildFile; fileRef = AA1B5EE91CA1B4A5005DCB81 /* RealmSwift.framework */; settings = {ATTRIBUTES = (CodeSignOnCopy, RemoveHeadersOnCopy, ); }; };
		AA1B5EF01CA1B519005DCB81 /* Realm.framework in CopyFiles */ = {isa = PBXBuildFile; fileRef = AA1B5EE81CA1B4A5005DCB81 /* Realm.framework */; settings = {ATTRIBUTES = (CodeSignOnCopy, RemoveHeadersOnCopy, ); }; };
		AA1B5EF11CA1B519005DCB81 /* RealmSwift.framework in CopyFiles */ = {isa = PBXBuildFile; fileRef = AA1B5EE91CA1B4A5005DCB81 /* RealmSwift.framework */; settings = {ATTRIBUTES = (CodeSignOnCopy, RemoveHeadersOnCopy, ); }; };
		AA1B5EF21CA1B54C005DCB81 /* Realm.framework in Frameworks */ = {isa = PBXBuildFile; fileRef = AA1B5EE81CA1B4A5005DCB81 /* Realm.framework */; };
		AA1B5EF31CA1B54F005DCB81 /* RealmSwift.framework in Frameworks */ = {isa = PBXBuildFile; fileRef = AA1B5EE91CA1B4A5005DCB81 /* RealmSwift.framework */; };
		AA1B5EF41CA1B55F005DCB81 /* Realm.framework in CopyFiles */ = {isa = PBXBuildFile; fileRef = AA1B5EE81CA1B4A5005DCB81 /* Realm.framework */; settings = {ATTRIBUTES = (CodeSignOnCopy, RemoveHeadersOnCopy, ); }; };
		AA1B5EF51CA1B55F005DCB81 /* RealmSwift.framework in CopyFiles */ = {isa = PBXBuildFile; fileRef = AA1B5EE91CA1B4A5005DCB81 /* RealmSwift.framework */; settings = {ATTRIBUTES = (CodeSignOnCopy, RemoveHeadersOnCopy, ); }; };
		AA2E55101A774E0000647637 /* known_hosts in Resources */ = {isa = PBXBuildFile; fileRef = AA2E550F1A774E0000647637 /* known_hosts */; };
		AA31681E1A191B72006CC0EB /* Images.xcassets in Resources */ = {isa = PBXBuildFile; fileRef = AA31681D1A191B72006CC0EB /* Images.xcassets */; };
		AA31682D1A191B72006CC0EB /* SafeDriveTests.m in Sources */ = {isa = PBXBuildFile; fileRef = AA31682C1A191B72006CC0EB /* SafeDriveTests.m */; };
		AA3168561A192DE2006CC0EB /* SDMountController.m in Sources */ = {isa = PBXBuildFile; fileRef = AA3168501A192D87006CC0EB /* SDMountController.m */; };
		AA3D8EBD1C3D80E100CF0A3C /* SDConstants.m in Sources */ = {isa = PBXBuildFile; fileRef = AA3D8EBC1C3D80E100CF0A3C /* SDConstants.m */; };
		AA4E77331A3E6E640054BBCA /* SDTestConstants.m in Sources */ = {isa = PBXBuildFile; fileRef = AA4E77321A3E6E640054BBCA /* SDTestConstants.m */; };
		AA543C761BFC57B50008FB8B /* Storage-Status-backing.png in Resources */ = {isa = PBXBuildFile; fileRef = AA543C701BFC57B50008FB8B /* Storage-Status-backing.png */; };
		AA543C771BFC57B50008FB8B /* Settings-Background.png in Resources */ = {isa = PBXBuildFile; fileRef = AA543C711BFC57B50008FB8B /* Settings-Background.png */; };
		AA543C781BFC57B50008FB8B /* General-icon.png in Resources */ = {isa = PBXBuildFile; fileRef = AA543C721BFC57B50008FB8B /* General-icon.png */; };
		AA543C791BFC57B50008FB8B /* Account-Icon.png in Resources */ = {isa = PBXBuildFile; fileRef = AA543C731BFC57B50008FB8B /* Account-Icon.png */; };
		AA543C7A1BFC57B50008FB8B /* Bandwidth-Icon.png in Resources */ = {isa = PBXBuildFile; fileRef = AA543C741BFC57B50008FB8B /* Bandwidth-Icon.png */; };
		AA543C7B1BFC57B50008FB8B /* Status-Icon.png in Resources */ = {isa = PBXBuildFile; fileRef = AA543C751BFC57B50008FB8B /* Status-Icon.png */; };
		AA543C7E1BFC67480008FB8B /* Raleway-Light.ttf in Resources */ = {isa = PBXBuildFile; fileRef = AA543C7C1BFC67480008FB8B /* Raleway-Light.ttf */; };
		AA543C7F1BFC67480008FB8B /* Raleway-Regular.ttf in Resources */ = {isa = PBXBuildFile; fileRef = AA543C7D1BFC67480008FB8B /* Raleway-Regular.ttf */; };
		AA5754051C7FFCC10040E8B0 /* AppDelegate.swift in Sources */ = {isa = PBXBuildFile; fileRef = AA5754041C7FFCC10040E8B0 /* AppDelegate.swift */; };
		AA5754071C7FFCC10040E8B0 /* Assets.xcassets in Resources */ = {isa = PBXBuildFile; fileRef = AA5754061C7FFCC10040E8B0 /* Assets.xcassets */; };
		AA57540A1C7FFCC10040E8B0 /* MainMenu.xib in Resources */ = {isa = PBXBuildFile; fileRef = AA5754081C7FFCC10040E8B0 /* MainMenu.xib */; };
		AA5754101C8004660040E8B0 /* ServiceListenerDelegate.swift in Sources */ = {isa = PBXBuildFile; fileRef = AA57540F1C8004660040E8B0 /* ServiceListenerDelegate.swift */; };
		AA5754121C8005890040E8B0 /* io.safedrive.SafeDrive.Service.plist in Resources */ = {isa = PBXBuildFile; fileRef = AA5754111C8005890040E8B0 /* io.safedrive.SafeDrive.Service.plist */; };
		AA5C1A9F1BB26C40006A0C8C /* SDServiceXPCRouter.m in Sources */ = {isa = PBXBuildFile; fileRef = AA5C1A9E1BB26C40006A0C8C /* SDServiceXPCRouter.m */; };
		AA5C1AA21BB26C6A006A0C8C /* SDAppXPCDelegate.m in Sources */ = {isa = PBXBuildFile; fileRef = AA5C1AA11BB26C6A006A0C8C /* SDAppXPCDelegate.m */; };
		AA61F84B1C05356D00D992FE /* SDSyncController.m in Sources */ = {isa = PBXBuildFile; fileRef = AA61F84A1C05356D00D992FE /* SDSyncController.m */; };
		AA6C5BB91C90D96F001C2869 /* NSDate+next.swift in Sources */ = {isa = PBXBuildFile; fileRef = AA6C5BB81C90D96F001C2869 /* NSDate+next.swift */; };
		AA6C5BBA1C90D96F001C2869 /* NSDate+next.swift in Sources */ = {isa = PBXBuildFile; fileRef = AA6C5BB81C90D96F001C2869 /* NSDate+next.swift */; };
		AA6C5BBB1C90D96F001C2869 /* NSDate+next.swift in Sources */ = {isa = PBXBuildFile; fileRef = AA6C5BB81C90D96F001C2869 /* NSDate+next.swift */; };
		AA6C5BBD1C9125D4001C2869 /* ServiceManager.swift in Sources */ = {isa = PBXBuildFile; fileRef = AA6C5BBC1C9125D3001C2869 /* ServiceManager.swift */; };
		AA7319421A2F7EEB003E2391 /* Main.xib in Resources */ = {isa = PBXBuildFile; fileRef = AA7319411A2F7EEB003E2391 /* Main.xib */; };
		AA76DC211C8762A9007B320E /* Installer.swift in Sources */ = {isa = PBXBuildFile; fileRef = AA76DC201C8762A9007B320E /* Installer.swift */; };
		AA76DC231C8779D2007B320E /* InstallerWindowController.swift in Sources */ = {isa = PBXBuildFile; fileRef = AA76DC221C8779D2007B320E /* InstallerWindowController.swift */; };
		AA76DC271C8787EE007B320E /* sshfs-2.5.0 in Copy Files */ = {isa = PBXBuildFile; fileRef = AA76DC251C8787D6007B320E /* sshfs-2.5.0 */; settings = {ATTRIBUTES = (CodeSignOnCopy, ); }; };
		AA76DC291C879076007B320E /* InstallerWindow.xib in Resources */ = {isa = PBXBuildFile; fileRef = AA76DC281C879076007B320E /* InstallerWindow.xib */; };
		AA76DC2B1C879B77007B320E /* Install OSXFUSE 2.8.pkg in Resources */ = {isa = PBXBuildFile; fileRef = AA76DC2A1C879B77007B320E /* Install OSXFUSE 2.8.pkg */; };
		AA76DC2D1C88D4C6007B320E /* API.swift in Sources */ = {isa = PBXBuildFile; fileRef = AA76DC2C1C88D4C6007B320E /* API.swift */; };
		AA76DC2F1C8A17F4007B320E /* PreferencesWindowController.swift in Sources */ = {isa = PBXBuildFile; fileRef = AA76DC2E1C8A17F4007B320E /* PreferencesWindowController.swift */; };
		AA7B46101C46F18600EA8889 /* SDErrorHandler.m in Sources */ = {isa = PBXBuildFile; fileRef = AA7B460F1C46F18600EA8889 /* SDErrorHandler.m */; };
		AAA88BBF1C824EE8009BE1C7 /* SyncManagerTableRowView.swift in Sources */ = {isa = PBXBuildFile; fileRef = AAA88BBE1C824EE8009BE1C7 /* SyncManagerTableRowView.swift */; };
		AAA88BC11C825451009BE1C7 /* SyncManagerWindowController.swift in Sources */ = {isa = PBXBuildFile; fileRef = AAA88BC01C825451009BE1C7 /* SyncManagerWindowController.swift */; };
		AAA88BC31C8267C0009BE1C7 /* ErrorHandler.swift in Sources */ = {isa = PBXBuildFile; fileRef = AAA88BC21C8267C0009BE1C7 /* ErrorHandler.swift */; };
		AAA88BC51C829846009BE1C7 /* SyncManagerWindow.xib in Resources */ = {isa = PBXBuildFile; fileRef = AAA88BC41C829846009BE1C7 /* SyncManagerWindow.xib */; };
		AAA88BC71C82A5E9009BE1C7 /* SyncFolder.swift in Sources */ = {isa = PBXBuildFile; fileRef = AAA88BC61C82A5E9009BE1C7 /* SyncFolder.swift */; };
		AAA88BC91C8385AA009BE1C7 /* Machine.swift in Sources */ = {isa = PBXBuildFile; fileRef = AAA88BC81C8385A9009BE1C7 /* Machine.swift */; };
		AAA88BCB1C838D2E009BE1C7 /* AppDelegate.swift in Sources */ = {isa = PBXBuildFile; fileRef = AAA88BCA1C838D2E009BE1C7 /* AppDelegate.swift */; };
		AAA88BCC1C83D240009BE1C7 /* Machine.swift in Sources */ = {isa = PBXBuildFile; fileRef = AAA88BC81C8385A9009BE1C7 /* Machine.swift */; };
		AAA88BCD1C83D241009BE1C7 /* Machine.swift in Sources */ = {isa = PBXBuildFile; fileRef = AAA88BC81C8385A9009BE1C7 /* Machine.swift */; };
		AAA88BCE1C83D243009BE1C7 /* SyncFolder.swift in Sources */ = {isa = PBXBuildFile; fileRef = AAA88BC61C82A5E9009BE1C7 /* SyncFolder.swift */; };
		AAA88BCF1C83D243009BE1C7 /* SyncFolder.swift in Sources */ = {isa = PBXBuildFile; fileRef = AAA88BC61C82A5E9009BE1C7 /* SyncFolder.swift */; };
		AAA88BD01C83D3DB009BE1C7 /* Machine.swift in Sources */ = {isa = PBXBuildFile; fileRef = AAA88BC81C8385A9009BE1C7 /* Machine.swift */; };
		AAA88BD11C83D3DB009BE1C7 /* SyncFolder.swift in Sources */ = {isa = PBXBuildFile; fileRef = AAA88BC61C82A5E9009BE1C7 /* SyncFolder.swift */; };
		AAA88BD31C84B4CA009BE1C7 /* SyncTask.swift in Sources */ = {isa = PBXBuildFile; fileRef = AAA88BD21C84B4CA009BE1C7 /* SyncTask.swift */; };
		AAA88BD41C84B4CA009BE1C7 /* SyncTask.swift in Sources */ = {isa = PBXBuildFile; fileRef = AAA88BD21C84B4CA009BE1C7 /* SyncTask.swift */; };
		AAA88BD51C84B4CA009BE1C7 /* SyncTask.swift in Sources */ = {isa = PBXBuildFile; fileRef = AAA88BD21C84B4CA009BE1C7 /* SyncTask.swift */; };
		AAA88BD71C851F17009BE1C7 /* AccountController.swift in Sources */ = {isa = PBXBuildFile; fileRef = AAA88BD61C851F17009BE1C7 /* AccountController.swift */; };
		AAA88BD91C857FFB009BE1C7 /* DropdownController.swift in Sources */ = {isa = PBXBuildFile; fileRef = AAA88BD81C857FFB009BE1C7 /* DropdownController.swift */; };
		AAA88BDC1C85F5F7009BE1C7 /* DropdownMenu.xib in Resources */ = {isa = PBXBuildFile; fileRef = AAA88BDE1C85F5F7009BE1C7 /* DropdownMenu.xib */; };
		AAB617BB1A7B0FCA0003CD30 /* Credits.rtf in Resources */ = {isa = PBXBuildFile; fileRef = AAB617BA1A7B0FCA0003CD30 /* Credits.rtf */; };
		AAB617C01A7B18080003CD30 /* Acknowledgments.rtf in Resources */ = {isa = PBXBuildFile; fileRef = AAB617BF1A7B18080003CD30 /* Acknowledgments.rtf */; };
		AABB0FC01A3F292F00FA3530 /* safedriveaskpass in Copy Files */ = {isa = PBXBuildFile; fileRef = AA4E773A1A3E9B1D0054BBCA /* safedriveaskpass */; settings = {ATTRIBUTES = (CodeSignOnCopy, ); }; };
		AAF85BFE1A23A5510063B54F /* SDSystemAPI.m in Sources */ = {isa = PBXBuildFile; fileRef = AAF85BFD1A23A5510063B54F /* SDSystemAPI.m */; };
		AAF945F31C80125A00B972C3 /* SafeDriveService.app in CopyFiles */ = {isa = PBXBuildFile; fileRef = AA5754021C7FFCC00040E8B0 /* SafeDriveService.app */; settings = {ATTRIBUTES = (RemoveHeadersOnCopy, ); }; };
		AAF945F41C80162700B972C3 /* io.safedrive.SafeDrive.Service.plist in Resources */ = {isa = PBXBuildFile; fileRef = AA5754111C8005890040E8B0 /* io.safedrive.SafeDrive.Service.plist */; };
		AAF946041C815D5A00B972C3 /* FinderSync.swift in Sources */ = {isa = PBXBuildFile; fileRef = AAF946031C815D5A00B972C3 /* FinderSync.swift */; };
		AAF946081C815D5A00B972C3 /* SafeDriveFinder.appex in CopyFiles */ = {isa = PBXBuildFile; fileRef = AAF945FF1C815D5A00B972C3 /* SafeDriveFinder.appex */; settings = {ATTRIBUTES = (RemoveHeadersOnCopy, ); }; };
		AAF946101C8220F900B972C3 /* SyncScheduler.swift in Sources */ = {isa = PBXBuildFile; fileRef = AAF9460F1C8220F900B972C3 /* SyncScheduler.swift */; };
		AAF946241C824DB700B972C3 /* SyncManagerTableCellView.swift in Sources */ = {isa = PBXBuildFile; fileRef = AAF946231C824DB700B972C3 /* SyncManagerTableCellView.swift */; };
		F8B7D76D32B3621C67AD41C7 /* Pods_SafeDrive.framework in Frameworks */ = {isa = PBXBuildFile; fileRef = 6D55F61C44C96A06D0FFDC7F /* Pods_SafeDrive.framework */; };
/* End PBXBuildFile section */

/* Begin PBXContainerItemProxy section */
		AA1A46071BED8521004A5310 /* PBXContainerItemProxy */ = {
			isa = PBXContainerItemProxy;
			containerPortal = AA31680B1A191B72006CC0EB /* Project object */;
			proxyType = 1;
			remoteGlobalIDString = AA3168121A191B72006CC0EB;
			remoteInfo = SafeDrive;
		};
		AABB0FBD1A3F28E400FA3530 /* PBXContainerItemProxy */ = {
			isa = PBXContainerItemProxy;
			containerPortal = AA31680B1A191B72006CC0EB /* Project object */;
			proxyType = 1;
			remoteGlobalIDString = AA4E77391A3E9B1D0054BBCA;
			remoteInfo = safedriveaskpass;
		};
		AAF945F11C80121800B972C3 /* PBXContainerItemProxy */ = {
			isa = PBXContainerItemProxy;
			containerPortal = AA31680B1A191B72006CC0EB /* Project object */;
			proxyType = 1;
			remoteGlobalIDString = AA5754011C7FFCC00040E8B0;
			remoteInfo = SafeDriveService;
		};
		AAF946061C815D5A00B972C3 /* PBXContainerItemProxy */ = {
			isa = PBXContainerItemProxy;
			containerPortal = AA31680B1A191B72006CC0EB /* Project object */;
			proxyType = 1;
			remoteGlobalIDString = AAF945FE1C815D5A00B972C3;
			remoteInfo = Finder;
		};
/* End PBXContainerItemProxy section */

/* Begin PBXCopyFilesBuildPhase section */
		AA1984771C74C84300BAECA5 /* CopyFiles */ = {
			isa = PBXCopyFilesBuildPhase;
			buildActionMask = 2147483647;
			dstPath = "";
			dstSubfolderSpec = 13;
			files = (
				AAF946081C815D5A00B972C3 /* SafeDriveFinder.appex in CopyFiles */,
				AAF945F31C80125A00B972C3 /* SafeDriveService.app in CopyFiles */,
			);
			runOnlyForDeploymentPostprocessing = 0;
		};
		AA4E77381A3E9B1D0054BBCA /* CopyFiles */ = {
			isa = PBXCopyFilesBuildPhase;
			buildActionMask = 2147483647;
			dstPath = /usr/share/man/man1/;
			dstSubfolderSpec = 0;
			files = (
			);
			runOnlyForDeploymentPostprocessing = 1;
		};
		AA925C3B1B8F9BAA00222E46 /* Embed App Extensions */ = {
			isa = PBXCopyFilesBuildPhase;
			buildActionMask = 2147483647;
			dstPath = "";
			dstSubfolderSpec = 13;
			files = (
			);
			name = "Embed App Extensions";
			runOnlyForDeploymentPostprocessing = 0;
		};
		AABB0FBF1A3F290400FA3530 /* Copy Files */ = {
			isa = PBXCopyFilesBuildPhase;
			buildActionMask = 2147483647;
			dstPath = "";
			dstSubfolderSpec = 6;
			files = (
				AA76DC271C8787EE007B320E /* sshfs-2.5.0 in Copy Files */,
				AABB0FC01A3F292F00FA3530 /* safedriveaskpass in Copy Files */,
			);
			name = "Copy Files";
			runOnlyForDeploymentPostprocessing = 0;
		};
		AAF9461A1C823A6B00B972C3 /* CopyFiles */ = {
			isa = PBXCopyFilesBuildPhase;
			buildActionMask = 2147483647;
			dstPath = "";
			dstSubfolderSpec = 10;
			files = (
				AA1B5EF01CA1B519005DCB81 /* Realm.framework in CopyFiles */,
				AA1B5EF11CA1B519005DCB81 /* RealmSwift.framework in CopyFiles */,
			);
			runOnlyForDeploymentPostprocessing = 0;
		};
		AAF9461D1C823A8500B972C3 /* CopyFiles */ = {
			isa = PBXCopyFilesBuildPhase;
			buildActionMask = 2147483647;
			dstPath = "";
			dstSubfolderSpec = 10;
			files = (
				AA1B5EF41CA1B55F005DCB81 /* Realm.framework in CopyFiles */,
				AA1B5EF51CA1B55F005DCB81 /* RealmSwift.framework in CopyFiles */,
			);
			runOnlyForDeploymentPostprocessing = 0;
		};
		AAF946201C823A9E00B972C3 /* CopyFiles */ = {
			isa = PBXCopyFilesBuildPhase;
			buildActionMask = 2147483647;
			dstPath = "";
			dstSubfolderSpec = 10;
			files = (
				AA1B5EEE1CA1B510005DCB81 /* Realm.framework in CopyFiles */,
				AA1B5EEF1CA1B510005DCB81 /* RealmSwift.framework in CopyFiles */,
			);
			runOnlyForDeploymentPostprocessing = 0;
		};
/* End PBXCopyFilesBuildPhase section */

/* Begin PBXFileReference section */
		1138B255340F284F996E10AC /* Pods-SafeDrive.debug.xcconfig */ = {isa = PBXFileReference; includeInIndex = 1; lastKnownFileType = text.xcconfig; name = "Pods-SafeDrive.debug.xcconfig"; path = "Pods/Target Support Files/Pods-SafeDrive/Pods-SafeDrive.debug.xcconfig"; sourceTree = "<group>"; };
		1330062E844FCB4F7C981D2C /* Pods-SafeDrive.release.xcconfig */ = {isa = PBXFileReference; includeInIndex = 1; lastKnownFileType = text.xcconfig; name = "Pods-SafeDrive.release.xcconfig"; path = "Pods/Target Support Files/Pods-SafeDrive/Pods-SafeDrive.release.xcconfig"; sourceTree = "<group>"; };
		20AE37BB28CC713D42C305A5 /* Pods-SafeDriveFinder.release.xcconfig */ = {isa = PBXFileReference; includeInIndex = 1; lastKnownFileType = text.xcconfig; name = "Pods-SafeDriveFinder.release.xcconfig"; path = "Pods/Target Support Files/Pods-SafeDriveFinder/Pods-SafeDriveFinder.release.xcconfig"; sourceTree = "<group>"; };
		2AF739FC659AF44971553AE9 /* Pods-SafeDriveService.release.xcconfig */ = {isa = PBXFileReference; includeInIndex = 1; lastKnownFileType = text.xcconfig; name = "Pods-SafeDriveService.release.xcconfig"; path = "Pods/Target Support Files/Pods-SafeDriveService/Pods-SafeDriveService.release.xcconfig"; sourceTree = "<group>"; };
		2F58E3589AEF1D92EE613835 /* libPods-safedriveaskpass.a */ = {isa = PBXFileReference; explicitFileType = archive.ar; includeInIndex = 0; path = "libPods-safedriveaskpass.a"; sourceTree = BUILT_PRODUCTS_DIR; };
		37C31FA73431CC72328C7A49 /* Pods-safedriveaskpass.debug.xcconfig */ = {isa = PBXFileReference; includeInIndex = 1; lastKnownFileType = text.xcconfig; name = "Pods-safedriveaskpass.debug.xcconfig"; path = "Pods/Target Support Files/Pods-safedriveaskpass/Pods-safedriveaskpass.debug.xcconfig"; sourceTree = "<group>"; };
		4DB687DE7661DC80E407B429 /* Pods-SafeDriveService.debug.xcconfig */ = {isa = PBXFileReference; includeInIndex = 1; lastKnownFileType = text.xcconfig; name = "Pods-SafeDriveService.debug.xcconfig"; path = "Pods/Target Support Files/Pods-SafeDriveService/Pods-SafeDriveService.debug.xcconfig"; sourceTree = "<group>"; };
		6D55F61C44C96A06D0FFDC7F /* Pods_SafeDrive.framework */ = {isa = PBXFileReference; explicitFileType = wrapper.framework; includeInIndex = 0; path = Pods_SafeDrive.framework; sourceTree = BUILT_PRODUCTS_DIR; };
		7A8EB5F8F78ED848C64BE0AE /* Pods-SafeDriveFinder.debug.xcconfig */ = {isa = PBXFileReference; includeInIndex = 1; lastKnownFileType = text.xcconfig; name = "Pods-SafeDriveFinder.debug.xcconfig"; path = "Pods/Target Support Files/Pods-SafeDriveFinder/Pods-SafeDriveFinder.debug.xcconfig"; sourceTree = "<group>"; };
		AA0A7D121A19670600DCB77E /* SDAccountWindowController.h */ = {isa = PBXFileReference; fileEncoding = 4; lastKnownFileType = sourcecode.c.h; lineEnding = 0; name = SDAccountWindowController.h; path = SafeDrive/AccountWindow/SDAccountWindowController.h; sourceTree = SOURCE_ROOT; xcLanguageSpecificationIdentifier = xcode.lang.objcpp; };
		AA0A7D131A19670600DCB77E /* SDAccountWindowController.m */ = {isa = PBXFileReference; fileEncoding = 4; lastKnownFileType = sourcecode.c.objc; lineEnding = 0; name = SDAccountWindowController.m; path = SafeDrive/AccountWindow/SDAccountWindowController.m; sourceTree = SOURCE_ROOT; xcLanguageSpecificationIdentifier = xcode.lang.objc; };
		AA0A7D1A1A19682000DCB77E /* Base */ = {isa = PBXFileReference; lastKnownFileType = file.xib; name = Base; path = Base.lproj/PreferencesWindow.xib; sourceTree = "<group>"; };
		AA0A7D1F1A19682D00DCB77E /* Base */ = {isa = PBXFileReference; lastKnownFileType = file.xib; name = Base; path = Base.lproj/SDAccountWindow.xib; sourceTree = "<group>"; };
		AA0A7D281A1968BB00DCB77E /* Base */ = {isa = PBXFileReference; lastKnownFileType = text.plist.strings; name = Base; path = Base.lproj/Localizable.strings; sourceTree = "<group>"; };
		AA13CB9D1A7212F000A91C7A /* main.m */ = {isa = PBXFileReference; fileEncoding = 4; lastKnownFileType = sourcecode.c.objc; name = main.m; path = safedriveaskpass/main.m; sourceTree = SOURCE_ROOT; };
		AA1A460E1BEDE685004A5310 /* HKTHashProvider.h */ = {isa = PBXFileReference; fileEncoding = 4; lastKnownFileType = sourcecode.c.h; path = HKTHashProvider.h; sourceTree = "<group>"; };
		AA1A460F1BEDE685004A5310 /* HKTHashProvider.m */ = {isa = PBXFileReference; fileEncoding = 4; lastKnownFileType = sourcecode.c.objc; path = HKTHashProvider.m; sourceTree = "<group>"; };
		AA1B5EE81CA1B4A5005DCB81 /* Realm.framework */ = {isa = PBXFileReference; lastKnownFileType = wrapper.framework; name = Realm.framework; path = Carthage/Build/Mac/Realm.framework; sourceTree = "<group>"; };
		AA1B5EE91CA1B4A5005DCB81 /* RealmSwift.framework */ = {isa = PBXFileReference; lastKnownFileType = wrapper.framework; name = RealmSwift.framework; path = Carthage/Build/Mac/RealmSwift.framework; sourceTree = "<group>"; };
		AA2E550F1A774E0000647637 /* known_hosts */ = {isa = PBXFileReference; fileEncoding = 4; lastKnownFileType = text; path = known_hosts; sourceTree = "<group>"; };
		AA3168131A191B72006CC0EB /* SafeDrive.app */ = {isa = PBXFileReference; explicitFileType = wrapper.application; includeInIndex = 0; path = SafeDrive.app; sourceTree = BUILT_PRODUCTS_DIR; };
		AA3168171A191B72006CC0EB /* Info.plist */ = {isa = PBXFileReference; lastKnownFileType = text.plist.xml; path = Info.plist; sourceTree = "<group>"; };
		AA31681D1A191B72006CC0EB /* Images.xcassets */ = {isa = PBXFileReference; lastKnownFileType = folder.assetcatalog; path = Images.xcassets; sourceTree = "<group>"; };
		AA3168261A191B72006CC0EB /* SafeDriveTests.xctest */ = {isa = PBXFileReference; explicitFileType = wrapper.cfbundle; includeInIndex = 0; path = SafeDriveTests.xctest; sourceTree = BUILT_PRODUCTS_DIR; };
		AA31682B1A191B72006CC0EB /* Info.plist */ = {isa = PBXFileReference; lastKnownFileType = text.plist.xml; path = Info.plist; sourceTree = "<group>"; };
		AA31682C1A191B72006CC0EB /* SafeDriveTests.m */ = {isa = PBXFileReference; lastKnownFileType = sourcecode.c.objc; lineEnding = 0; path = SafeDriveTests.m; sourceTree = "<group>"; xcLanguageSpecificationIdentifier = xcode.lang.objc; };
		AA31684F1A192D87006CC0EB /* SDMountController.h */ = {isa = PBXFileReference; fileEncoding = 4; lastKnownFileType = sourcecode.c.h; lineEnding = 0; path = SDMountController.h; sourceTree = "<group>"; xcLanguageSpecificationIdentifier = xcode.lang.objcpp; };
		AA3168501A192D87006CC0EB /* SDMountController.m */ = {isa = PBXFileReference; fileEncoding = 4; lastKnownFileType = sourcecode.c.objc; lineEnding = 0; path = SDMountController.m; sourceTree = "<group>"; xcLanguageSpecificationIdentifier = xcode.lang.objc; };
		AA3D8EBB1C3D80E100CF0A3C /* SDConstants.h */ = {isa = PBXFileReference; fileEncoding = 4; lastKnownFileType = sourcecode.c.h; name = SDConstants.h; path = Shared/SDConstants.h; sourceTree = "<group>"; };
		AA3D8EBC1C3D80E100CF0A3C /* SDConstants.m */ = {isa = PBXFileReference; fileEncoding = 4; lastKnownFileType = sourcecode.c.objc; name = SDConstants.m; path = Shared/SDConstants.m; sourceTree = "<group>"; };
		AA4E77311A3E6E640054BBCA /* SDTestConstants.h */ = {isa = PBXFileReference; fileEncoding = 4; lastKnownFileType = sourcecode.c.h; path = SDTestConstants.h; sourceTree = "<group>"; };
		AA4E77321A3E6E640054BBCA /* SDTestConstants.m */ = {isa = PBXFileReference; fileEncoding = 4; lastKnownFileType = sourcecode.c.objc; path = SDTestConstants.m; sourceTree = "<group>"; };
		AA4E773A1A3E9B1D0054BBCA /* safedriveaskpass */ = {isa = PBXFileReference; explicitFileType = "compiled.mach-o.executable"; includeInIndex = 0; path = safedriveaskpass; sourceTree = BUILT_PRODUCTS_DIR; };
		AA4E77411A3E9B830054BBCA /* libPods-MCSMKeychainItem.a */ = {isa = PBXFileReference; lastKnownFileType = archive.ar; name = "libPods-MCSMKeychainItem.a"; path = "../../../Users/steve/Library/Developer/Xcode/DerivedData/SafeDrive-chuvxsgbhfnlbyfxzkgdnlscvvoy/Build/Products/Debug/libPods-MCSMKeychainItem.a"; sourceTree = "<group>"; };
		AA543C701BFC57B50008FB8B /* Storage-Status-backing.png */ = {isa = PBXFileReference; lastKnownFileType = image.png; path = "Storage-Status-backing.png"; sourceTree = "<group>"; };
		AA543C711BFC57B50008FB8B /* Settings-Background.png */ = {isa = PBXFileReference; lastKnownFileType = image.png; path = "Settings-Background.png"; sourceTree = "<group>"; };
		AA543C721BFC57B50008FB8B /* General-icon.png */ = {isa = PBXFileReference; lastKnownFileType = image.png; path = "General-icon.png"; sourceTree = "<group>"; };
		AA543C731BFC57B50008FB8B /* Account-Icon.png */ = {isa = PBXFileReference; lastKnownFileType = image.png; path = "Account-Icon.png"; sourceTree = "<group>"; };
		AA543C741BFC57B50008FB8B /* Bandwidth-Icon.png */ = {isa = PBXFileReference; lastKnownFileType = image.png; path = "Bandwidth-Icon.png"; sourceTree = "<group>"; };
		AA543C751BFC57B50008FB8B /* Status-Icon.png */ = {isa = PBXFileReference; lastKnownFileType = image.png; path = "Status-Icon.png"; sourceTree = "<group>"; };
		AA543C7C1BFC67480008FB8B /* Raleway-Light.ttf */ = {isa = PBXFileReference; lastKnownFileType = file; path = "Raleway-Light.ttf"; sourceTree = "<group>"; };
		AA543C7D1BFC67480008FB8B /* Raleway-Regular.ttf */ = {isa = PBXFileReference; lastKnownFileType = file; path = "Raleway-Regular.ttf"; sourceTree = "<group>"; };
		AA5754021C7FFCC00040E8B0 /* SafeDriveService.app */ = {isa = PBXFileReference; explicitFileType = wrapper.application; includeInIndex = 0; path = SafeDriveService.app; sourceTree = BUILT_PRODUCTS_DIR; };
		AA5754041C7FFCC10040E8B0 /* AppDelegate.swift */ = {isa = PBXFileReference; lastKnownFileType = sourcecode.swift; path = AppDelegate.swift; sourceTree = "<group>"; };
		AA5754061C7FFCC10040E8B0 /* Assets.xcassets */ = {isa = PBXFileReference; lastKnownFileType = folder.assetcatalog; path = Assets.xcassets; sourceTree = "<group>"; };
		AA5754091C7FFCC10040E8B0 /* Base */ = {isa = PBXFileReference; lastKnownFileType = file.xib; name = Base; path = Base.lproj/MainMenu.xib; sourceTree = "<group>"; };
		AA57540B1C7FFCC10040E8B0 /* Info.plist */ = {isa = PBXFileReference; lastKnownFileType = text.plist.xml; path = Info.plist; sourceTree = "<group>"; };
		AA57540F1C8004660040E8B0 /* ServiceListenerDelegate.swift */ = {isa = PBXFileReference; fileEncoding = 4; lastKnownFileType = sourcecode.swift; path = ServiceListenerDelegate.swift; sourceTree = "<group>"; };
		AA5754111C8005890040E8B0 /* io.safedrive.SafeDrive.Service.plist */ = {isa = PBXFileReference; fileEncoding = 4; lastKnownFileType = text.plist.xml; name = io.safedrive.SafeDrive.Service.plist; path = Service/io.safedrive.SafeDrive.Service.plist; sourceTree = "<group>"; };
		AA5754131C80091F0040E8B0 /* SafeDriveService-Bridging-Header.h */ = {isa = PBXFileReference; lastKnownFileType = sourcecode.c.h; path = "SafeDriveService-Bridging-Header.h"; sourceTree = "<group>"; };
		AA5C1A9D1BB26C40006A0C8C /* SDServiceXPCRouter.h */ = {isa = PBXFileReference; fileEncoding = 4; lastKnownFileType = sourcecode.c.h; name = SDServiceXPCRouter.h; path = SafeDrive/XPCHandlers/SDServiceXPCRouter.h; sourceTree = SOURCE_ROOT; };
		AA5C1A9E1BB26C40006A0C8C /* SDServiceXPCRouter.m */ = {isa = PBXFileReference; fileEncoding = 4; lastKnownFileType = sourcecode.c.objc; name = SDServiceXPCRouter.m; path = SafeDrive/XPCHandlers/SDServiceXPCRouter.m; sourceTree = SOURCE_ROOT; };
		AA5C1AA01BB26C6A006A0C8C /* SDAppXPCDelegate.h */ = {isa = PBXFileReference; fileEncoding = 4; lastKnownFileType = sourcecode.c.h; name = SDAppXPCDelegate.h; path = SafeDrive/SDAppXPCDelegate.h; sourceTree = SOURCE_ROOT; };
		AA5C1AA11BB26C6A006A0C8C /* SDAppXPCDelegate.m */ = {isa = PBXFileReference; fileEncoding = 4; lastKnownFileType = sourcecode.c.objc; name = SDAppXPCDelegate.m; path = SafeDrive/SDAppXPCDelegate.m; sourceTree = SOURCE_ROOT; };
		AA61F8491C05356D00D992FE /* SDSyncController.h */ = {isa = PBXFileReference; fileEncoding = 4; lastKnownFileType = sourcecode.c.h; path = SDSyncController.h; sourceTree = "<group>"; };
		AA61F84A1C05356D00D992FE /* SDSyncController.m */ = {isa = PBXFileReference; fileEncoding = 4; lastKnownFileType = sourcecode.c.objc; path = SDSyncController.m; sourceTree = "<group>"; };
		AA6C5BB81C90D96F001C2869 /* NSDate+next.swift */ = {isa = PBXFileReference; fileEncoding = 4; lastKnownFileType = sourcecode.swift; name = "NSDate+next.swift"; path = "Shared/NSDate+next.swift"; sourceTree = "<group>"; };
		AA6C5BBC1C9125D3001C2869 /* ServiceManager.swift */ = {isa = PBXFileReference; fileEncoding = 4; lastKnownFileType = sourcecode.swift; name = ServiceManager.swift; path = ServiceManager/ServiceManager.swift; sourceTree = "<group>"; };
		AA7319411A2F7EEB003E2391 /* Main.xib */ = {isa = PBXFileReference; fileEncoding = 4; lastKnownFileType = file.xib; path = Main.xib; sourceTree = "<group>"; };
		AA73194E1A2F893D003E2391 /* SafeDrive.pch */ = {isa = PBXFileReference; lastKnownFileType = sourcecode.c.h; path = SafeDrive.pch; sourceTree = "<group>"; };
		AA73194F1A2F89F2003E2391 /* SDProtocols.h */ = {isa = PBXFileReference; lastKnownFileType = sourcecode.c.h; path = SDProtocols.h; sourceTree = "<group>"; };
		AA76DC201C8762A9007B320E /* Installer.swift */ = {isa = PBXFileReference; fileEncoding = 4; lastKnownFileType = sourcecode.swift; name = Installer.swift; path = Installer/Installer.swift; sourceTree = "<group>"; };
		AA76DC221C8779D2007B320E /* InstallerWindowController.swift */ = {isa = PBXFileReference; fileEncoding = 4; lastKnownFileType = sourcecode.swift; name = InstallerWindowController.swift; path = Installer/InstallerWindowController.swift; sourceTree = "<group>"; };
		AA76DC251C8787D6007B320E /* sshfs-2.5.0 */ = {isa = PBXFileReference; lastKnownFileType = "compiled.mach-o.executable"; name = "sshfs-2.5.0"; path = "Bundled Dependencies/sshfs-2.5.0"; sourceTree = "<group>"; };
		AA76DC281C879076007B320E /* InstallerWindow.xib */ = {isa = PBXFileReference; fileEncoding = 4; lastKnownFileType = file.xib; name = InstallerWindow.xib; path = Installer/InstallerWindow.xib; sourceTree = "<group>"; };
		AA76DC2A1C879B77007B320E /* Install OSXFUSE 2.8.pkg */ = {isa = PBXFileReference; lastKnownFileType = file; name = "Install OSXFUSE 2.8.pkg"; path = "Bundled Dependencies/Install OSXFUSE 2.8.pkg"; sourceTree = "<group>"; };
		AA76DC2C1C88D4C6007B320E /* API.swift */ = {isa = PBXFileReference; fileEncoding = 4; lastKnownFileType = sourcecode.swift; path = API.swift; sourceTree = "<group>"; };
		AA76DC2E1C8A17F4007B320E /* PreferencesWindowController.swift */ = {isa = PBXFileReference; fileEncoding = 4; lastKnownFileType = sourcecode.swift; path = PreferencesWindowController.swift; sourceTree = "<group>"; };
		AA7B460E1C46F18600EA8889 /* SDErrorHandler.h */ = {isa = PBXFileReference; fileEncoding = 4; lastKnownFileType = sourcecode.c.h; name = SDErrorHandler.h; path = ErrorHandler/SDErrorHandler.h; sourceTree = "<group>"; };
		AA7B460F1C46F18600EA8889 /* SDErrorHandler.m */ = {isa = PBXFileReference; fileEncoding = 4; lastKnownFileType = sourcecode.c.objc; lineEnding = 0; name = SDErrorHandler.m; path = ErrorHandler/SDErrorHandler.m; sourceTree = "<group>"; xcLanguageSpecificationIdentifier = xcode.lang.objc; };
		AAA88BBE1C824EE8009BE1C7 /* SyncManagerTableRowView.swift */ = {isa = PBXFileReference; fileEncoding = 4; lastKnownFileType = sourcecode.swift; name = SyncManagerTableRowView.swift; path = SyncManager/SyncManagerTableRowView.swift; sourceTree = "<group>"; };
		AAA88BC01C825451009BE1C7 /* SyncManagerWindowController.swift */ = {isa = PBXFileReference; fileEncoding = 4; lastKnownFileType = sourcecode.swift; name = SyncManagerWindowController.swift; path = SyncManager/SyncManagerWindowController.swift; sourceTree = "<group>"; };
		AAA88BC21C8267C0009BE1C7 /* ErrorHandler.swift */ = {isa = PBXFileReference; fileEncoding = 4; lastKnownFileType = sourcecode.swift; name = ErrorHandler.swift; path = ErrorHandler/ErrorHandler.swift; sourceTree = "<group>"; };
		AAA88BC41C829846009BE1C7 /* SyncManagerWindow.xib */ = {isa = PBXFileReference; fileEncoding = 4; lastKnownFileType = file.xib; name = SyncManagerWindow.xib; path = SyncManager/SyncManagerWindow.xib; sourceTree = "<group>"; };
		AAA88BC61C82A5E9009BE1C7 /* SyncFolder.swift */ = {isa = PBXFileReference; fileEncoding = 4; lastKnownFileType = sourcecode.swift; name = SyncFolder.swift; path = Shared/SyncFolder.swift; sourceTree = "<group>"; };
		AAA88BC81C8385A9009BE1C7 /* Machine.swift */ = {isa = PBXFileReference; fileEncoding = 4; lastKnownFileType = sourcecode.swift; name = Machine.swift; path = Shared/Machine.swift; sourceTree = "<group>"; };
		AAA88BCA1C838D2E009BE1C7 /* AppDelegate.swift */ = {isa = PBXFileReference; fileEncoding = 4; lastKnownFileType = sourcecode.swift; path = AppDelegate.swift; sourceTree = "<group>"; };
		AAA88BD21C84B4CA009BE1C7 /* SyncTask.swift */ = {isa = PBXFileReference; fileEncoding = 4; lastKnownFileType = sourcecode.swift; name = SyncTask.swift; path = Shared/SyncTask.swift; sourceTree = "<group>"; };
		AAA88BD61C851F17009BE1C7 /* AccountController.swift */ = {isa = PBXFileReference; fileEncoding = 4; lastKnownFileType = sourcecode.swift; name = AccountController.swift; path = AccountController/AccountController.swift; sourceTree = "<group>"; };
		AAA88BD81C857FFB009BE1C7 /* DropdownController.swift */ = {isa = PBXFileReference; fileEncoding = 4; lastKnownFileType = sourcecode.swift; name = DropdownController.swift; path = DropdownController/DropdownController.swift; sourceTree = "<group>"; };
		AAA88BDD1C85F5F7009BE1C7 /* Base */ = {isa = PBXFileReference; lastKnownFileType = file.xib; name = Base; path = Base.lproj/DropdownMenu.xib; sourceTree = "<group>"; };
		AAB617BA1A7B0FCA0003CD30 /* Credits.rtf */ = {isa = PBXFileReference; fileEncoding = 4; lastKnownFileType = text.rtf; path = Credits.rtf; sourceTree = "<group>"; };
		AAB617BF1A7B18080003CD30 /* Acknowledgments.rtf */ = {isa = PBXFileReference; fileEncoding = 4; lastKnownFileType = text.rtf; path = Acknowledgments.rtf; sourceTree = "<group>"; };
		AAEA529F1A81A3EA00BF862C /* Info.plist */ = {isa = PBXFileReference; fileEncoding = 4; lastKnownFileType = text.plist.xml; name = Info.plist; path = safedriveaskpass/Info.plist; sourceTree = SOURCE_ROOT; };
		AAF85BFC1A23A5510063B54F /* SDSystemAPI.h */ = {isa = PBXFileReference; fileEncoding = 4; lastKnownFileType = sourcecode.c.h; lineEnding = 0; name = SDSystemAPI.h; path = SystemAPI/SDSystemAPI.h; sourceTree = "<group>"; xcLanguageSpecificationIdentifier = xcode.lang.objcpp; };
		AAF85BFD1A23A5510063B54F /* SDSystemAPI.m */ = {isa = PBXFileReference; fileEncoding = 4; lastKnownFileType = sourcecode.c.objc; lineEnding = 0; name = SDSystemAPI.m; path = SystemAPI/SDSystemAPI.m; sourceTree = "<group>"; xcLanguageSpecificationIdentifier = xcode.lang.objc; };
		AAF945F61C801AA900B972C3 /* SafeDrive.entitlements */ = {isa = PBXFileReference; lastKnownFileType = text.xml; path = SafeDrive.entitlements; sourceTree = "<group>"; };
		AAF945F71C801EFE00B972C3 /* SDServiceXPCProtocol.h */ = {isa = PBXFileReference; fileEncoding = 4; lastKnownFileType = sourcecode.c.h; name = SDServiceXPCProtocol.h; path = Shared/SDServiceXPCProtocol.h; sourceTree = "<group>"; };
		AAF945F81C801F1200B972C3 /* SafeDriveService.entitlements */ = {isa = PBXFileReference; fileEncoding = 4; lastKnownFileType = text.xml; path = SafeDriveService.entitlements; sourceTree = "<group>"; };
		AAF945FA1C801F6100B972C3 /* SDAppXPCProtocol.h */ = {isa = PBXFileReference; lastKnownFileType = sourcecode.c.h; name = SDAppXPCProtocol.h; path = Shared/SDAppXPCProtocol.h; sourceTree = "<group>"; };
		AAF945FF1C815D5A00B972C3 /* SafeDriveFinder.appex */ = {isa = PBXFileReference; explicitFileType = "wrapper.app-extension"; includeInIndex = 0; path = SafeDriveFinder.appex; sourceTree = BUILT_PRODUCTS_DIR; };
		AAF946021C815D5A00B972C3 /* Finder.entitlements */ = {isa = PBXFileReference; lastKnownFileType = text.xml; path = Finder.entitlements; sourceTree = "<group>"; };
		AAF946031C815D5A00B972C3 /* FinderSync.swift */ = {isa = PBXFileReference; lastKnownFileType = sourcecode.swift; path = FinderSync.swift; sourceTree = "<group>"; };
		AAF946051C815D5A00B972C3 /* Info.plist */ = {isa = PBXFileReference; lastKnownFileType = text.plist.xml; path = Info.plist; sourceTree = "<group>"; };
		AAF9460C1C815E3500B972C3 /* SafeDriveFinder-Bridging-Header.h */ = {isa = PBXFileReference; lastKnownFileType = sourcecode.c.h; path = "SafeDriveFinder-Bridging-Header.h"; sourceTree = "<group>"; };
		AAF9460F1C8220F900B972C3 /* SyncScheduler.swift */ = {isa = PBXFileReference; fileEncoding = 4; lastKnownFileType = sourcecode.swift; path = SyncScheduler.swift; sourceTree = "<group>"; };
		AAF946111C82211600B972C3 /* SafeDrive-Bridging-Header.h */ = {isa = PBXFileReference; fileEncoding = 4; lastKnownFileType = sourcecode.c.h; path = "SafeDrive-Bridging-Header.h"; sourceTree = "<group>"; };
		AAF946231C824DB700B972C3 /* SyncManagerTableCellView.swift */ = {isa = PBXFileReference; fileEncoding = 4; lastKnownFileType = sourcecode.swift; name = SyncManagerTableCellView.swift; path = SyncManager/SyncManagerTableCellView.swift; sourceTree = "<group>"; };
		AAFEF7EF1C6FC5F6001C4358 /* update-version.sh */ = {isa = PBXFileReference; fileEncoding = 4; lastKnownFileType = text.script.sh; path = "update-version.sh"; sourceTree = "<group>"; };
		BE2D8449BAB0BAC9033667C6 /* Pods-safedriveaskpass.release.xcconfig */ = {isa = PBXFileReference; includeInIndex = 1; lastKnownFileType = text.xcconfig; name = "Pods-safedriveaskpass.release.xcconfig"; path = "Pods/Target Support Files/Pods-safedriveaskpass/Pods-safedriveaskpass.release.xcconfig"; sourceTree = "<group>"; };
		CD1169D271386AF89774EE8A /* Pods_SafeDriveFinder.framework */ = {isa = PBXFileReference; explicitFileType = wrapper.framework; includeInIndex = 0; path = Pods_SafeDriveFinder.framework; sourceTree = BUILT_PRODUCTS_DIR; };
		EC5F0B8A3B11CCA2364971B3 /* Pods_SafeDriveService.framework */ = {isa = PBXFileReference; explicitFileType = wrapper.framework; includeInIndex = 0; path = Pods_SafeDriveService.framework; sourceTree = BUILT_PRODUCTS_DIR; };
/* End PBXFileReference section */

/* Begin PBXFrameworksBuildPhase section */
		AA3168101A191B72006CC0EB /* Frameworks */ = {
			isa = PBXFrameworksBuildPhase;
			buildActionMask = 2147483647;
			files = (
				AA1B5EEA1CA1B4A5005DCB81 /* Realm.framework in Frameworks */,
				AA1B5EEB1CA1B4A5005DCB81 /* RealmSwift.framework in Frameworks */,
				F8B7D76D32B3621C67AD41C7 /* Pods_SafeDrive.framework in Frameworks */,
			);
			runOnlyForDeploymentPostprocessing = 0;
		};
		AA3168231A191B72006CC0EB /* Frameworks */ = {
			isa = PBXFrameworksBuildPhase;
			buildActionMask = 2147483647;
			files = (
			);
			runOnlyForDeploymentPostprocessing = 0;
		};
		AA4E77371A3E9B1D0054BBCA /* Frameworks */ = {
			isa = PBXFrameworksBuildPhase;
			buildActionMask = 2147483647;
			files = (
				1BF01FE19BCFCD03459A8323 /* libPods-safedriveaskpass.a in Frameworks */,
			);
			runOnlyForDeploymentPostprocessing = 0;
		};
		AA5753FF1C7FFCC00040E8B0 /* Frameworks */ = {
			isa = PBXFrameworksBuildPhase;
			buildActionMask = 2147483647;
			files = (
				A45C2D767E0C6802573535E1 /* Pods_SafeDriveService.framework in Frameworks */,
				AA1B5EF21CA1B54C005DCB81 /* Realm.framework in Frameworks */,
				AA1B5EF31CA1B54F005DCB81 /* RealmSwift.framework in Frameworks */,
			);
			runOnlyForDeploymentPostprocessing = 0;
		};
		AAF945FC1C815D5A00B972C3 /* Frameworks */ = {
			isa = PBXFrameworksBuildPhase;
			buildActionMask = 2147483647;
			files = (
				7304AA053B6B9154CFFDF0E3 /* Pods_SafeDriveFinder.framework in Frameworks */,
				AA1B5EEC1CA1B4CF005DCB81 /* Realm.framework in Frameworks */,
				AA1B5EED1CA1B4CF005DCB81 /* RealmSwift.framework in Frameworks */,
			);
			runOnlyForDeploymentPostprocessing = 0;
		};
/* End PBXFrameworksBuildPhase section */

/* Begin PBXGroup section */
		382732B86AA45BFDCB145B34 /* Pods */ = {
			isa = PBXGroup;
			children = (
				1138B255340F284F996E10AC /* Pods-SafeDrive.debug.xcconfig */,
				1330062E844FCB4F7C981D2C /* Pods-SafeDrive.release.xcconfig */,
				37C31FA73431CC72328C7A49 /* Pods-safedriveaskpass.debug.xcconfig */,
				BE2D8449BAB0BAC9033667C6 /* Pods-safedriveaskpass.release.xcconfig */,
				4DB687DE7661DC80E407B429 /* Pods-SafeDriveService.debug.xcconfig */,
				2AF739FC659AF44971553AE9 /* Pods-SafeDriveService.release.xcconfig */,
				7A8EB5F8F78ED848C64BE0AE /* Pods-SafeDriveFinder.debug.xcconfig */,
				20AE37BB28CC713D42C305A5 /* Pods-SafeDriveFinder.release.xcconfig */,
			);
			name = Pods;
			sourceTree = "<group>";
		};
		5FC4E43BDEE8F39CFAF5A5C2 /* Frameworks */ = {
			isa = PBXGroup;
			children = (
				AA1B5EE81CA1B4A5005DCB81 /* Realm.framework */,
				AA1B5EE91CA1B4A5005DCB81 /* RealmSwift.framework */,
				AA4E77411A3E9B830054BBCA /* libPods-MCSMKeychainItem.a */,
				2F58E3589AEF1D92EE613835 /* libPods-safedriveaskpass.a */,
				CD1169D271386AF89774EE8A /* Pods_SafeDriveFinder.framework */,
				EC5F0B8A3B11CCA2364971B3 /* Pods_SafeDriveService.framework */,
				6D55F61C44C96A06D0FFDC7F /* Pods_SafeDrive.framework */,
			);
			name = Frameworks;
			sourceTree = "<group>";
		};
		AA2E550E1A774DED00647637 /* Resources */ = {
			isa = PBXGroup;
			children = (
				AA543C7C1BFC67480008FB8B /* Raleway-Light.ttf */,
				AA543C7D1BFC67480008FB8B /* Raleway-Regular.ttf */,
				AA2E550F1A774E0000647637 /* known_hosts */,
				AAB617BA1A7B0FCA0003CD30 /* Credits.rtf */,
				AAB617BF1A7B18080003CD30 /* Acknowledgments.rtf */,
			);
			path = Resources;
			sourceTree = "<group>";
		};
		AA31680A1A191B72006CC0EB = {
			isa = PBXGroup;
			children = (
				AA76DC241C8787AB007B320E /* Bundled Dependencies */,
				AAFEF7EF1C6FC5F6001C4358 /* update-version.sh */,
				AA3D8EBA1C3D80A100CF0A3C /* Shared */,
				AA3168151A191B72006CC0EB /* SafeDrive */,
				AA3168291A191B72006CC0EB /* SafeDriveTests */,
				AA4E773B1A3E9B1D0054BBCA /* safedriveaskpass */,
				AAF946001C815D5A00B972C3 /* Finder */,
				AA5754031C7FFCC10040E8B0 /* Service */,
				5FC4E43BDEE8F39CFAF5A5C2 /* Frameworks */,
				AA3168141A191B72006CC0EB /* Products */,
				382732B86AA45BFDCB145B34 /* Pods */,
			);
			sourceTree = "<group>";
		};
		AA3168141A191B72006CC0EB /* Products */ = {
			isa = PBXGroup;
			children = (
				AA3168131A191B72006CC0EB /* SafeDrive.app */,
				AA3168261A191B72006CC0EB /* SafeDriveTests.xctest */,
				AA4E773A1A3E9B1D0054BBCA /* safedriveaskpass */,
				AA5754021C7FFCC00040E8B0 /* SafeDriveService.app */,
				AAF945FF1C815D5A00B972C3 /* SafeDriveFinder.appex */,
			);
			name = Products;
			sourceTree = "<group>";
		};
		AA3168151A191B72006CC0EB /* SafeDrive */ = {
			isa = PBXGroup;
			children = (
				AAAF1A401BF59446008E7865 /* Account Controller */,
				AA31683B1A192CD2006CC0EB /* AccountWindow */,
				AAA88BCA1C838D2E009BE1C7 /* AppDelegate.swift */,
				AA3168581A1953CF006CC0EB /* Dropdown Menu */,
				AA7B460D1C46F0F900EA8889 /* ErrorHandler */,
				AA76DC1F1C876285007B320E /* Installer */,
				AA7319411A2F7EEB003E2391 /* Main.xib */,
				AA31684D1A192D64006CC0EB /* MountController */,
				AA3168471A192D26006CC0EB /* PreferencesWindow */,
				AA2E550E1A774DED00647637 /* Resources */,
				AAF946111C82211600B972C3 /* SafeDrive-Bridging-Header.h */,
				AAF945F61C801AA900B972C3 /* SafeDrive.entitlements */,
				AA31684E1A192D64006CC0EB /* SafeDriveAPI */,
				AA73194F1A2F89F2003E2391 /* SDProtocols.h */,
				AA54495E1BC3664F00826A0B /* ServiceManager */,
				AA3168161A191B72006CC0EB /* Supporting Files */,
				AA61F8481C05356D00D992FE /* SyncController */,
				AAAA91291BC7679B00A17250 /* SyncManager */,
				AAF85BFB1A23A4BC0063B54F /* SystemAPI */,
				AA9E7DE31A79505600E3C3E8 /* Utilities */,
				AA5C1A951BB234DD006A0C8C /* XPC */,
			);
			path = SafeDrive;
			sourceTree = "<group>";
		};
		AA3168161A191B72006CC0EB /* Supporting Files */ = {
			isa = PBXGroup;
			children = (
				AA73194E1A2F893D003E2391 /* SafeDrive.pch */,
				AA31681D1A191B72006CC0EB /* Images.xcassets */,
				AA31685C1A195B65006CC0EB /* Localization */,
				AA3168171A191B72006CC0EB /* Info.plist */,
			);
			name = "Supporting Files";
			sourceTree = "<group>";
		};
		AA3168291A191B72006CC0EB /* SafeDriveTests */ = {
			isa = PBXGroup;
			children = (
				AA4E77311A3E6E640054BBCA /* SDTestConstants.h */,
				AA4E77321A3E6E640054BBCA /* SDTestConstants.m */,
				AA31682C1A191B72006CC0EB /* SafeDriveTests.m */,
				AA31682A1A191B72006CC0EB /* Supporting Files */,
			);
			path = SafeDriveTests;
			sourceTree = "<group>";
		};
		AA31682A1A191B72006CC0EB /* Supporting Files */ = {
			isa = PBXGroup;
			children = (
				AA31682B1A191B72006CC0EB /* Info.plist */,
			);
			name = "Supporting Files";
			sourceTree = "<group>";
		};
		AA31683B1A192CD2006CC0EB /* AccountWindow */ = {
			isa = PBXGroup;
			children = (
				AA0A7D121A19670600DCB77E /* SDAccountWindowController.h */,
				AA0A7D131A19670600DCB77E /* SDAccountWindowController.m */,
				AA0A7D201A19682D00DCB77E /* SDAccountWindow.xib */,
			);
			name = AccountWindow;
			path = LoginWindow;
			sourceTree = "<group>";
		};
		AA3168471A192D26006CC0EB /* PreferencesWindow */ = {
			isa = PBXGroup;
			children = (
				AA543C701BFC57B50008FB8B /* Storage-Status-backing.png */,
				AA543C711BFC57B50008FB8B /* Settings-Background.png */,
				AA543C721BFC57B50008FB8B /* General-icon.png */,
				AA543C731BFC57B50008FB8B /* Account-Icon.png */,
				AA543C741BFC57B50008FB8B /* Bandwidth-Icon.png */,
				AA543C751BFC57B50008FB8B /* Status-Icon.png */,
				AA0A7D1B1A19682000DCB77E /* PreferencesWindow.xib */,
				AA76DC2E1C8A17F4007B320E /* PreferencesWindowController.swift */,
			);
			path = PreferencesWindow;
			sourceTree = "<group>";
		};
		AA31684D1A192D64006CC0EB /* MountController */ = {
			isa = PBXGroup;
			children = (
				AA31684F1A192D87006CC0EB /* SDMountController.h */,
				AA3168501A192D87006CC0EB /* SDMountController.m */,
			);
			path = MountController;
			sourceTree = "<group>";
		};
		AA31684E1A192D64006CC0EB /* SafeDriveAPI */ = {
			isa = PBXGroup;
			children = (
				AA76DC2C1C88D4C6007B320E /* API.swift */,
			);
			path = SafeDriveAPI;
			sourceTree = "<group>";
		};
		AA3168581A1953CF006CC0EB /* Dropdown Menu */ = {
			isa = PBXGroup;
			children = (
				AAA88BDE1C85F5F7009BE1C7 /* DropdownMenu.xib */,
				AAA88BD81C857FFB009BE1C7 /* DropdownController.swift */,
			);
			name = "Dropdown Menu";
			sourceTree = "<group>";
		};
		AA31685C1A195B65006CC0EB /* Localization */ = {
			isa = PBXGroup;
			children = (
				AA0A7D291A1968BB00DCB77E /* Localizable.strings */,
			);
			name = Localization;
			sourceTree = "<group>";
		};
		AA3D8EBA1C3D80A100CF0A3C /* Shared */ = {
			isa = PBXGroup;
			children = (
				AA5754111C8005890040E8B0 /* io.safedrive.SafeDrive.Service.plist */,
				AAA88BC81C8385A9009BE1C7 /* Machine.swift */,
				AAF945FA1C801F6100B972C3 /* SDAppXPCProtocol.h */,
				AA3D8EBB1C3D80E100CF0A3C /* SDConstants.h */,
				AA3D8EBC1C3D80E100CF0A3C /* SDConstants.m */,
				AAF945F71C801EFE00B972C3 /* SDServiceXPCProtocol.h */,
				AAA88BC61C82A5E9009BE1C7 /* SyncFolder.swift */,
				AAA88BD21C84B4CA009BE1C7 /* SyncTask.swift */,
				AA6C5BB81C90D96F001C2869 /* NSDate+next.swift */,
			);
			name = Shared;
			sourceTree = "<group>";
		};
		AA4E773B1A3E9B1D0054BBCA /* safedriveaskpass */ = {
			isa = PBXGroup;
			children = (
				AAEA529F1A81A3EA00BF862C /* Info.plist */,
				AA13CB9D1A7212F000A91C7A /* main.m */,
			);
			name = safedriveaskpass;
			path = "safedrive-askpass";
			sourceTree = "<group>";
		};
		AA54495E1BC3664F00826A0B /* ServiceManager */ = {
			isa = PBXGroup;
			children = (
				AA6C5BBC1C9125D3001C2869 /* ServiceManager.swift */,
			);
			name = ServiceManager;
			sourceTree = "<group>";
		};
		AA5754031C7FFCC10040E8B0 /* Service */ = {
			isa = PBXGroup;
			children = (
				AA5754041C7FFCC10040E8B0 /* AppDelegate.swift */,
				AA5754061C7FFCC10040E8B0 /* Assets.xcassets */,
				AA57540B1C7FFCC10040E8B0 /* Info.plist */,
				AA5754081C7FFCC10040E8B0 /* MainMenu.xib */,
				AA5754131C80091F0040E8B0 /* SafeDriveService-Bridging-Header.h */,
				AAF945F81C801F1200B972C3 /* SafeDriveService.entitlements */,
				AA57540F1C8004660040E8B0 /* ServiceListenerDelegate.swift */,
			);
			path = Service;
			sourceTree = "<group>";
		};
		AA5C1A951BB234DD006A0C8C /* XPC */ = {
			isa = PBXGroup;
			children = (
				AA5C1A9D1BB26C40006A0C8C /* SDServiceXPCRouter.h */,
				AA5C1A9E1BB26C40006A0C8C /* SDServiceXPCRouter.m */,
				AA5C1AA01BB26C6A006A0C8C /* SDAppXPCDelegate.h */,
				AA5C1AA11BB26C6A006A0C8C /* SDAppXPCDelegate.m */,
			);
			name = XPC;
			path = ServiceRouter;
			sourceTree = "<group>";
		};
		AA61F8481C05356D00D992FE /* SyncController */ = {
			isa = PBXGroup;
			children = (
				AA61F8491C05356D00D992FE /* SDSyncController.h */,
				AA61F84A1C05356D00D992FE /* SDSyncController.m */,
				AAF9460F1C8220F900B972C3 /* SyncScheduler.swift */,
			);
			path = SyncController;
			sourceTree = "<group>";
		};
		AA76DC1F1C876285007B320E /* Installer */ = {
			isa = PBXGroup;
			children = (
				AA76DC201C8762A9007B320E /* Installer.swift */,
				AA76DC221C8779D2007B320E /* InstallerWindowController.swift */,
				AA76DC281C879076007B320E /* InstallerWindow.xib */,
			);
			name = Installer;
			sourceTree = "<group>";
		};
		AA76DC241C8787AB007B320E /* Bundled Dependencies */ = {
			isa = PBXGroup;
			children = (
				AA76DC2A1C879B77007B320E /* Install OSXFUSE 2.8.pkg */,
				AA76DC251C8787D6007B320E /* sshfs-2.5.0 */,
			);
			name = "Bundled Dependencies";
			sourceTree = "<group>";
		};
		AA7B460D1C46F0F900EA8889 /* ErrorHandler */ = {
			isa = PBXGroup;
			children = (
				AA7B460E1C46F18600EA8889 /* SDErrorHandler.h */,
				AA7B460F1C46F18600EA8889 /* SDErrorHandler.m */,
				AAA88BC21C8267C0009BE1C7 /* ErrorHandler.swift */,
			);
			name = ErrorHandler;
			sourceTree = "<group>";
		};
		AA9E7DE31A79505600E3C3E8 /* Utilities */ = {
			isa = PBXGroup;
			children = (
				AA1A460E1BEDE685004A5310 /* HKTHashProvider.h */,
				AA1A460F1BEDE685004A5310 /* HKTHashProvider.m */,
			);
			path = Utilities;
			sourceTree = "<group>";
		};
		AAAA91291BC7679B00A17250 /* SyncManager */ = {
			isa = PBXGroup;
			children = (
				AAA88BC01C825451009BE1C7 /* SyncManagerWindowController.swift */,
				AAA88BC41C829846009BE1C7 /* SyncManagerWindow.xib */,
				AAF946231C824DB700B972C3 /* SyncManagerTableCellView.swift */,
				AAA88BBE1C824EE8009BE1C7 /* SyncManagerTableRowView.swift */,
			);
			name = SyncManager;
			sourceTree = "<group>";
		};
		AAAF1A401BF59446008E7865 /* Account Controller */ = {
			isa = PBXGroup;
			children = (
				AAA88BD61C851F17009BE1C7 /* AccountController.swift */,
			);
			name = "Account Controller";
			sourceTree = "<group>";
		};
		AAF85BFB1A23A4BC0063B54F /* SystemAPI */ = {
			isa = PBXGroup;
			children = (
				AAF85BFC1A23A5510063B54F /* SDSystemAPI.h */,
				AAF85BFD1A23A5510063B54F /* SDSystemAPI.m */,
			);
			name = SystemAPI;
			sourceTree = "<group>";
		};
		AAF946001C815D5A00B972C3 /* Finder */ = {
			isa = PBXGroup;
			children = (
				AAF946031C815D5A00B972C3 /* FinderSync.swift */,
				AAF946051C815D5A00B972C3 /* Info.plist */,
				AAF9460C1C815E3500B972C3 /* SafeDriveFinder-Bridging-Header.h */,
				AAF946011C815D5A00B972C3 /* Supporting Files */,
			);
			path = Finder;
			sourceTree = "<group>";
		};
		AAF946011C815D5A00B972C3 /* Supporting Files */ = {
			isa = PBXGroup;
			children = (
				AAF946021C815D5A00B972C3 /* Finder.entitlements */,
			);
			name = "Supporting Files";
			sourceTree = "<group>";
		};
/* End PBXGroup section */

/* Begin PBXNativeTarget section */
		AA3168121A191B72006CC0EB /* SafeDrive */ = {
			isa = PBXNativeTarget;
			buildConfigurationList = AA3168301A191B72006CC0EB /* Build configuration list for PBXNativeTarget "SafeDrive" */;
			buildPhases = (
				085B84DAED8FC3A5633835A3 /* 📦 Check Pods Manifest.lock */,
				AAFEF7EE1C6FC361001C4358 /* Update versions */,
				AA31680F1A191B72006CC0EB /* Sources */,
				AA3168101A191B72006CC0EB /* Frameworks */,
				AA3168111A191B72006CC0EB /* Resources */,
				AAF9461A1C823A6B00B972C3 /* CopyFiles */,
				AABB0FBF1A3F290400FA3530 /* Copy Files */,
				AA1984771C74C84300BAECA5 /* CopyFiles */,
				AA925C3B1B8F9BAA00222E46 /* Embed App Extensions */,
				AAE474851BFBC1E200B1A555 /* Fabric.io */,
				ACAF538C728AC8861D11CCAB /* 📦 Embed Pods Frameworks */,
				E21814013690212AC22131B2 /* 📦 Copy Pods Resources */,
			);
			buildRules = (
			);
			dependencies = (
				AABB0FBE1A3F28E400FA3530 /* PBXTargetDependency */,
				AAF945F21C80121800B972C3 /* PBXTargetDependency */,
				AAF946071C815D5A00B972C3 /* PBXTargetDependency */,
			);
			name = SafeDrive;
			productName = SafeDrive;
			productReference = AA3168131A191B72006CC0EB /* SafeDrive.app */;
			productType = "com.apple.product-type.application";
		};
		AA3168251A191B72006CC0EB /* SafeDriveTests */ = {
			isa = PBXNativeTarget;
			buildConfigurationList = AA3168331A191B72006CC0EB /* Build configuration list for PBXNativeTarget "SafeDriveTests" */;
			buildPhases = (
				AA3168221A191B72006CC0EB /* Sources */,
				AA3168231A191B72006CC0EB /* Frameworks */,
				AA3168241A191B72006CC0EB /* Resources */,
			);
			buildRules = (
			);
			dependencies = (
				AA1A46081BED8521004A5310 /* PBXTargetDependency */,
			);
			name = SafeDriveTests;
			productName = SafeDriveTests;
			productReference = AA3168261A191B72006CC0EB /* SafeDriveTests.xctest */;
			productType = "com.apple.product-type.bundle.unit-test";
		};
		AA4E77391A3E9B1D0054BBCA /* safedriveaskpass */ = {
			isa = PBXNativeTarget;
			buildConfigurationList = AA4E77401A3E9B1D0054BBCA /* Build configuration list for PBXNativeTarget "safedriveaskpass" */;
			buildPhases = (
				CE3F51AB1DF510F2AB793ABC /* 📦 Check Pods Manifest.lock */,
				AA4E77361A3E9B1D0054BBCA /* Sources */,
				AA4E77371A3E9B1D0054BBCA /* Frameworks */,
				AA4E77381A3E9B1D0054BBCA /* CopyFiles */,
				21D167D45265FF92D488DB5E /* 📦 Copy Pods Resources */,
			);
			buildRules = (
			);
			dependencies = (
			);
			name = safedriveaskpass;
			productName = "safedrive-askpass";
			productReference = AA4E773A1A3E9B1D0054BBCA /* safedriveaskpass */;
			productType = "com.apple.product-type.tool";
		};
		AA5754011C7FFCC00040E8B0 /* SafeDriveService */ = {
			isa = PBXNativeTarget;
			buildConfigurationList = AA57540C1C7FFCC10040E8B0 /* Build configuration list for PBXNativeTarget "SafeDriveService" */;
			buildPhases = (
				CAD21021EC7C56BB386BA7F1 /* 📦 Check Pods Manifest.lock */,
				AA5753FE1C7FFCC00040E8B0 /* Sources */,
				AA5753FF1C7FFCC00040E8B0 /* Frameworks */,
				AA5754001C7FFCC00040E8B0 /* Resources */,
				AAF9461D1C823A8500B972C3 /* CopyFiles */,
				AAF945EF1C8011AB00B972C3 /* Fabic.io */,
				39831B17705BAD6996A6F6CB /* 📦 Embed Pods Frameworks */,
				61F4D0312AC3739FBDE458C1 /* 📦 Copy Pods Resources */,
			);
			buildRules = (
			);
			dependencies = (
			);
			name = SafeDriveService;
			productName = Service;
			productReference = AA5754021C7FFCC00040E8B0 /* SafeDriveService.app */;
			productType = "com.apple.product-type.application";
		};
		AAF945FE1C815D5A00B972C3 /* SafeDriveFinder */ = {
			isa = PBXNativeTarget;
			buildConfigurationList = AAF9460B1C815D5A00B972C3 /* Build configuration list for PBXNativeTarget "SafeDriveFinder" */;
			buildPhases = (
				DD068D389614C4584CFACD47 /* 📦 Check Pods Manifest.lock */,
				AAF945FB1C815D5A00B972C3 /* Sources */,
				AAF945FC1C815D5A00B972C3 /* Frameworks */,
				AAF945FD1C815D5A00B972C3 /* Resources */,
				AAF946201C823A9E00B972C3 /* CopyFiles */,
				3B3D225CC003B9A60FE46C4C /* 📦 Embed Pods Frameworks */,
				4A4988ECD25F48CA2C9C2AC1 /* 📦 Copy Pods Resources */,
			);
			buildRules = (
			);
			dependencies = (
			);
			name = SafeDriveFinder;
			productName = Finder;
			productReference = AAF945FF1C815D5A00B972C3 /* SafeDriveFinder.appex */;
			productType = "com.apple.product-type.app-extension";
		};
/* End PBXNativeTarget section */

/* Begin PBXProject section */
		AA31680B1A191B72006CC0EB /* Project object */ = {
			isa = PBXProject;
			attributes = {
				CLASSPREFIX = SD;
				LastSwiftUpdateCheck = 0720;
				LastUpgradeCheck = 0700;
				ORGANIZATIONNAME = "Infincia LLC";
				TargetAttributes = {
					AA3168121A191B72006CC0EB = {
						CreatedOnToolsVersion = 6.1.1;
						DevelopmentTeam = G738Z89QKM;
						SystemCapabilities = {
							com.apple.ApplicationGroups.Mac = {
								enabled = 1;
							};
							com.apple.Keychain = {
								enabled = 0;
							};
							com.apple.Sandbox = {
								enabled = 0;
							};
						};
					};
					AA3168251A191B72006CC0EB = {
						CreatedOnToolsVersion = 6.1.1;
						TestTargetID = AA3168121A191B72006CC0EB;
					};
					AA4E77391A3E9B1D0054BBCA = {
						CreatedOnToolsVersion = 6.1.1;
					};
					AA5754011C7FFCC00040E8B0 = {
						CreatedOnToolsVersion = 7.2;
						DevelopmentTeam = G738Z89QKM;
						SystemCapabilities = {
							com.apple.ApplicationGroups.Mac = {
								enabled = 1;
							};
						};
					};
					AAF945FE1C815D5A00B972C3 = {
						CreatedOnToolsVersion = 7.2;
						DevelopmentTeam = G738Z89QKM;
					};
				};
			};
			buildConfigurationList = AA31680E1A191B72006CC0EB /* Build configuration list for PBXProject "SafeDrive" */;
			compatibilityVersion = "Xcode 6.3";
			developmentRegion = English;
			hasScannedForEncodings = 0;
			knownRegions = (
				en,
				Base,
			);
			mainGroup = AA31680A1A191B72006CC0EB;
			productRefGroup = AA3168141A191B72006CC0EB /* Products */;
			projectDirPath = "";
			projectRoot = "";
			targets = (
				AA3168121A191B72006CC0EB /* SafeDrive */,
				AA3168251A191B72006CC0EB /* SafeDriveTests */,
				AA4E77391A3E9B1D0054BBCA /* safedriveaskpass */,
				AA5754011C7FFCC00040E8B0 /* SafeDriveService */,
				AAF945FE1C815D5A00B972C3 /* SafeDriveFinder */,
			);
		};
/* End PBXProject section */

/* Begin PBXResourcesBuildPhase section */
		AA3168111A191B72006CC0EB /* Resources */ = {
			isa = PBXResourcesBuildPhase;
			buildActionMask = 2147483647;
			files = (
				AAF945F41C80162700B972C3 /* io.safedrive.SafeDrive.Service.plist in Resources */,
				AA543C771BFC57B50008FB8B /* Settings-Background.png in Resources */,
				AAB617C01A7B18080003CD30 /* Acknowledgments.rtf in Resources */,
				AA543C761BFC57B50008FB8B /* Storage-Status-backing.png in Resources */,
				AA2E55101A774E0000647637 /* known_hosts in Resources */,
				AA543C7A1BFC57B50008FB8B /* Bandwidth-Icon.png in Resources */,
				AAB617BB1A7B0FCA0003CD30 /* Credits.rtf in Resources */,
				AA0A7D191A19682000DCB77E /* PreferencesWindow.xib in Resources */,
				AAA88BDC1C85F5F7009BE1C7 /* DropdownMenu.xib in Resources */,
				AA543C781BFC57B50008FB8B /* General-icon.png in Resources */,
				AA0A7D1E1A19682D00DCB77E /* SDAccountWindow.xib in Resources */,
				AA543C791BFC57B50008FB8B /* Account-Icon.png in Resources */,
				AA543C7B1BFC57B50008FB8B /* Status-Icon.png in Resources */,
				AA543C7F1BFC67480008FB8B /* Raleway-Regular.ttf in Resources */,
				AA76DC2B1C879B77007B320E /* Install OSXFUSE 2.8.pkg in Resources */,
				AA76DC291C879076007B320E /* InstallerWindow.xib in Resources */,
				AA543C7E1BFC67480008FB8B /* Raleway-Light.ttf in Resources */,
				AA31681E1A191B72006CC0EB /* Images.xcassets in Resources */,
				AA0A7D261A1968BB00DCB77E /* Localizable.strings in Resources */,
				AAA88BC51C829846009BE1C7 /* SyncManagerWindow.xib in Resources */,
				AA7319421A2F7EEB003E2391 /* Main.xib in Resources */,
			);
			runOnlyForDeploymentPostprocessing = 0;
		};
		AA3168241A191B72006CC0EB /* Resources */ = {
			isa = PBXResourcesBuildPhase;
			buildActionMask = 2147483647;
			files = (
				AA0A7D271A1968BB00DCB77E /* Localizable.strings in Resources */,
			);
			runOnlyForDeploymentPostprocessing = 0;
		};
		AA5754001C7FFCC00040E8B0 /* Resources */ = {
			isa = PBXResourcesBuildPhase;
			buildActionMask = 2147483647;
			files = (
				AA5754071C7FFCC10040E8B0 /* Assets.xcassets in Resources */,
				AA57540A1C7FFCC10040E8B0 /* MainMenu.xib in Resources */,
				AA5754121C8005890040E8B0 /* io.safedrive.SafeDrive.Service.plist in Resources */,
			);
			runOnlyForDeploymentPostprocessing = 0;
		};
		AAF945FD1C815D5A00B972C3 /* Resources */ = {
			isa = PBXResourcesBuildPhase;
			buildActionMask = 2147483647;
			files = (
			);
			runOnlyForDeploymentPostprocessing = 0;
		};
/* End PBXResourcesBuildPhase section */

/* Begin PBXShellScriptBuildPhase section */
		085B84DAED8FC3A5633835A3 /* 📦 Check Pods Manifest.lock */ = {
			isa = PBXShellScriptBuildPhase;
			buildActionMask = 2147483647;
			files = (
			);
			inputPaths = (
			);
			name = "📦 Check Pods Manifest.lock";
			outputPaths = (
			);
			runOnlyForDeploymentPostprocessing = 0;
			shellPath = /bin/sh;
			shellScript = "diff \"${PODS_ROOT}/../Podfile.lock\" \"${PODS_ROOT}/Manifest.lock\" > /dev/null\nif [[ $? != 0 ]] ; then\n    cat << EOM\nerror: The sandbox is not in sync with the Podfile.lock. Run 'pod install' or update your CocoaPods installation.\nEOM\n    exit 1\nfi\n";
			showEnvVarsInLog = 0;
		};
		21D167D45265FF92D488DB5E /* 📦 Copy Pods Resources */ = {
			isa = PBXShellScriptBuildPhase;
			buildActionMask = 2147483647;
			files = (
			);
			inputPaths = (
			);
			name = "📦 Copy Pods Resources";
			outputPaths = (
			);
			runOnlyForDeploymentPostprocessing = 0;
			shellPath = /bin/sh;
			shellScript = "\"${SRCROOT}/Pods/Target Support Files/Pods-safedriveaskpass/Pods-safedriveaskpass-resources.sh\"\n";
			showEnvVarsInLog = 0;
		};
		39831B17705BAD6996A6F6CB /* 📦 Embed Pods Frameworks */ = {
			isa = PBXShellScriptBuildPhase;
			buildActionMask = 2147483647;
			files = (
			);
			inputPaths = (
			);
			name = "📦 Embed Pods Frameworks";
			outputPaths = (
			);
			runOnlyForDeploymentPostprocessing = 0;
			shellPath = /bin/sh;
			shellScript = "\"${SRCROOT}/Pods/Target Support Files/Pods-SafeDriveService/Pods-SafeDriveService-frameworks.sh\"\n";
			showEnvVarsInLog = 0;
		};
		3B3D225CC003B9A60FE46C4C /* 📦 Embed Pods Frameworks */ = {
			isa = PBXShellScriptBuildPhase;
			buildActionMask = 2147483647;
			files = (
			);
			inputPaths = (
			);
			name = "📦 Embed Pods Frameworks";
			outputPaths = (
			);
			runOnlyForDeploymentPostprocessing = 0;
			shellPath = /bin/sh;
			shellScript = "\"${SRCROOT}/Pods/Target Support Files/Pods-SafeDriveFinder/Pods-SafeDriveFinder-frameworks.sh\"\n";
			showEnvVarsInLog = 0;
		};
		4A4988ECD25F48CA2C9C2AC1 /* 📦 Copy Pods Resources */ = {
			isa = PBXShellScriptBuildPhase;
			buildActionMask = 2147483647;
			files = (
			);
			inputPaths = (
			);
			name = "📦 Copy Pods Resources";
			outputPaths = (
			);
			runOnlyForDeploymentPostprocessing = 0;
			shellPath = /bin/sh;
			shellScript = "\"${SRCROOT}/Pods/Target Support Files/Pods-SafeDriveFinder/Pods-SafeDriveFinder-resources.sh\"\n";
			showEnvVarsInLog = 0;
		};
		61F4D0312AC3739FBDE458C1 /* 📦 Copy Pods Resources */ = {
			isa = PBXShellScriptBuildPhase;
			buildActionMask = 2147483647;
			files = (
			);
			inputPaths = (
			);
			name = "📦 Copy Pods Resources";
			outputPaths = (
			);
			runOnlyForDeploymentPostprocessing = 0;
			shellPath = /bin/sh;
			shellScript = "\"${SRCROOT}/Pods/Target Support Files/Pods-SafeDriveService/Pods-SafeDriveService-resources.sh\"\n";
			showEnvVarsInLog = 0;
		};
		AAE474851BFBC1E200B1A555 /* Fabric.io */ = {
			isa = PBXShellScriptBuildPhase;
			buildActionMask = 2147483647;
			files = (
			);
			inputPaths = (
			);
			name = Fabric.io;
			outputPaths = (
			);
			runOnlyForDeploymentPostprocessing = 0;
			shellPath = /bin/sh;
			shellScript = "\"${PODS_ROOT}/Fabric/run\" eabb6ed7a9190e38a2676da62aca50ed8731d38d 0f690c677243e5283f4f9a449728a17fc6d150abe16e2eade6a874763d25aea0";
		};
		AAF945EF1C8011AB00B972C3 /* Fabic.io */ = {
			isa = PBXShellScriptBuildPhase;
			buildActionMask = 2147483647;
			files = (
			);
			inputPaths = (
			);
			name = Fabic.io;
			outputPaths = (
			);
			runOnlyForDeploymentPostprocessing = 0;
			shellPath = /bin/sh;
			shellScript = "\"${PODS_ROOT}/Fabric/run\" eabb6ed7a9190e38a2676da62aca50ed8731d38d 0f690c677243e5283f4f9a449728a17fc6d150abe16e2eade6a874763d25aea0";
		};
		AAFEF7EE1C6FC361001C4358 /* Update versions */ = {
			isa = PBXShellScriptBuildPhase;
			buildActionMask = 2147483647;
			files = (
			);
			inputPaths = (
			);
			name = "Update versions";
			outputPaths = (
			);
			runOnlyForDeploymentPostprocessing = 0;
			shellPath = /bin/sh;
			shellScript = "sh \"update-version.sh\"";
		};
		ACAF538C728AC8861D11CCAB /* 📦 Embed Pods Frameworks */ = {
			isa = PBXShellScriptBuildPhase;
			buildActionMask = 2147483647;
			files = (
			);
			inputPaths = (
			);
			name = "📦 Embed Pods Frameworks";
			outputPaths = (
			);
			runOnlyForDeploymentPostprocessing = 0;
			shellPath = /bin/sh;
			shellScript = "\"${SRCROOT}/Pods/Target Support Files/Pods-SafeDrive/Pods-SafeDrive-frameworks.sh\"\n";
			showEnvVarsInLog = 0;
		};
		CAD21021EC7C56BB386BA7F1 /* 📦 Check Pods Manifest.lock */ = {
			isa = PBXShellScriptBuildPhase;
			buildActionMask = 2147483647;
			files = (
			);
			inputPaths = (
			);
			name = "📦 Check Pods Manifest.lock";
			outputPaths = (
			);
			runOnlyForDeploymentPostprocessing = 0;
			shellPath = /bin/sh;
			shellScript = "diff \"${PODS_ROOT}/../Podfile.lock\" \"${PODS_ROOT}/Manifest.lock\" > /dev/null\nif [[ $? != 0 ]] ; then\n    cat << EOM\nerror: The sandbox is not in sync with the Podfile.lock. Run 'pod install' or update your CocoaPods installation.\nEOM\n    exit 1\nfi\n";
			showEnvVarsInLog = 0;
		};
		CE3F51AB1DF510F2AB793ABC /* 📦 Check Pods Manifest.lock */ = {
			isa = PBXShellScriptBuildPhase;
			buildActionMask = 2147483647;
			files = (
			);
			inputPaths = (
			);
			name = "📦 Check Pods Manifest.lock";
			outputPaths = (
			);
			runOnlyForDeploymentPostprocessing = 0;
			shellPath = /bin/sh;
			shellScript = "diff \"${PODS_ROOT}/../Podfile.lock\" \"${PODS_ROOT}/Manifest.lock\" > /dev/null\nif [[ $? != 0 ]] ; then\n    cat << EOM\nerror: The sandbox is not in sync with the Podfile.lock. Run 'pod install' or update your CocoaPods installation.\nEOM\n    exit 1\nfi\n";
			showEnvVarsInLog = 0;
		};
		DD068D389614C4584CFACD47 /* 📦 Check Pods Manifest.lock */ = {
			isa = PBXShellScriptBuildPhase;
			buildActionMask = 2147483647;
			files = (
			);
			inputPaths = (
			);
			name = "📦 Check Pods Manifest.lock";
			outputPaths = (
			);
			runOnlyForDeploymentPostprocessing = 0;
			shellPath = /bin/sh;
			shellScript = "diff \"${PODS_ROOT}/../Podfile.lock\" \"${PODS_ROOT}/Manifest.lock\" > /dev/null\nif [[ $? != 0 ]] ; then\n    cat << EOM\nerror: The sandbox is not in sync with the Podfile.lock. Run 'pod install' or update your CocoaPods installation.\nEOM\n    exit 1\nfi\n";
			showEnvVarsInLog = 0;
		};
		E21814013690212AC22131B2 /* 📦 Copy Pods Resources */ = {
			isa = PBXShellScriptBuildPhase;
			buildActionMask = 2147483647;
			files = (
			);
			inputPaths = (
			);
			name = "📦 Copy Pods Resources";
			outputPaths = (
			);
			runOnlyForDeploymentPostprocessing = 0;
			shellPath = /bin/sh;
			shellScript = "\"${SRCROOT}/Pods/Target Support Files/Pods-SafeDrive/Pods-SafeDrive-resources.sh\"\n";
			showEnvVarsInLog = 0;
		};
/* End PBXShellScriptBuildPhase section */

/* Begin PBXSourcesBuildPhase section */
		AA31680F1A191B72006CC0EB /* Sources */ = {
			isa = PBXSourcesBuildPhase;
			buildActionMask = 2147483647;
			files = (
				AA76DC231C8779D2007B320E /* InstallerWindowController.swift in Sources */,
				AA0A7D151A19670600DCB77E /* SDAccountWindowController.m in Sources */,
				AAA88BBF1C824EE8009BE1C7 /* SyncManagerTableRowView.swift in Sources */,
				AAF946101C8220F900B972C3 /* SyncScheduler.swift in Sources */,
				AA6C5BBD1C9125D4001C2869 /* ServiceManager.swift in Sources */,
				AAA88BD71C851F17009BE1C7 /* AccountController.swift in Sources */,
				AA76DC2D1C88D4C6007B320E /* API.swift in Sources */,
				AA76DC211C8762A9007B320E /* Installer.swift in Sources */,
				AA3168561A192DE2006CC0EB /* SDMountController.m in Sources */,
				AAA88BCB1C838D2E009BE1C7 /* AppDelegate.swift in Sources */,
				AAF85BFE1A23A5510063B54F /* SDSystemAPI.m in Sources */,
				AAA88BD31C84B4CA009BE1C7 /* SyncTask.swift in Sources */,
				AA3D8EBD1C3D80E100CF0A3C /* SDConstants.m in Sources */,
				AAF946241C824DB700B972C3 /* SyncManagerTableCellView.swift in Sources */,
				AA76DC2F1C8A17F4007B320E /* PreferencesWindowController.swift in Sources */,
				AAA88BD91C857FFB009BE1C7 /* DropdownController.swift in Sources */,
				AA1A46101BEDE685004A5310 /* HKTHashProvider.m in Sources */,
				AAA88BC11C825451009BE1C7 /* SyncManagerWindowController.swift in Sources */,
				AA7B46101C46F18600EA8889 /* SDErrorHandler.m in Sources */,
				AAA88BC91C8385AA009BE1C7 /* Machine.swift in Sources */,
				AA5C1A9F1BB26C40006A0C8C /* SDServiceXPCRouter.m in Sources */,
				AAA88BC71C82A5E9009BE1C7 /* SyncFolder.swift in Sources */,
				AAA88BC31C8267C0009BE1C7 /* ErrorHandler.swift in Sources */,
				AA5C1AA21BB26C6A006A0C8C /* SDAppXPCDelegate.m in Sources */,
				AA6C5BB91C90D96F001C2869 /* NSDate+next.swift in Sources */,
				AA61F84B1C05356D00D992FE /* SDSyncController.m in Sources */,
			);
			runOnlyForDeploymentPostprocessing = 0;
		};
		AA3168221A191B72006CC0EB /* Sources */ = {
			isa = PBXSourcesBuildPhase;
			buildActionMask = 2147483647;
			files = (
				AAA88BD11C83D3DB009BE1C7 /* SyncFolder.swift in Sources */,
				AA31682D1A191B72006CC0EB /* SafeDriveTests.m in Sources */,
				AA4E77331A3E6E640054BBCA /* SDTestConstants.m in Sources */,
				AAA88BD01C83D3DB009BE1C7 /* Machine.swift in Sources */,
			);
			runOnlyForDeploymentPostprocessing = 0;
		};
		AA4E77361A3E9B1D0054BBCA /* Sources */ = {
			isa = PBXSourcesBuildPhase;
			buildActionMask = 2147483647;
			files = (
				AA13CB9F1A7212F000A91C7A /* main.m in Sources */,
			);
			runOnlyForDeploymentPostprocessing = 0;
		};
		AA5753FE1C7FFCC00040E8B0 /* Sources */ = {
			isa = PBXSourcesBuildPhase;
			buildActionMask = 2147483647;
			files = (
				AAA88BCE1C83D243009BE1C7 /* SyncFolder.swift in Sources */,
				AA6C5BBA1C90D96F001C2869 /* NSDate+next.swift in Sources */,
				AA5754101C8004660040E8B0 /* ServiceListenerDelegate.swift in Sources */,
				AA5754051C7FFCC10040E8B0 /* AppDelegate.swift in Sources */,
				AAA88BCC1C83D240009BE1C7 /* Machine.swift in Sources */,
				AAA88BD41C84B4CA009BE1C7 /* SyncTask.swift in Sources */,
			);
			runOnlyForDeploymentPostprocessing = 0;
		};
		AAF945FB1C815D5A00B972C3 /* Sources */ = {
			isa = PBXSourcesBuildPhase;
			buildActionMask = 2147483647;
			files = (
				AAA88BCF1C83D243009BE1C7 /* SyncFolder.swift in Sources */,
				AAA88BD51C84B4CA009BE1C7 /* SyncTask.swift in Sources */,
				AAF946041C815D5A00B972C3 /* FinderSync.swift in Sources */,
				AAA88BCD1C83D241009BE1C7 /* Machine.swift in Sources */,
				AA6C5BBB1C90D96F001C2869 /* NSDate+next.swift in Sources */,
			);
			runOnlyForDeploymentPostprocessing = 0;
		};
/* End PBXSourcesBuildPhase section */

/* Begin PBXTargetDependency section */
		AA1A46081BED8521004A5310 /* PBXTargetDependency */ = {
			isa = PBXTargetDependency;
			target = AA3168121A191B72006CC0EB /* SafeDrive */;
			targetProxy = AA1A46071BED8521004A5310 /* PBXContainerItemProxy */;
		};
		AABB0FBE1A3F28E400FA3530 /* PBXTargetDependency */ = {
			isa = PBXTargetDependency;
			target = AA4E77391A3E9B1D0054BBCA /* safedriveaskpass */;
			targetProxy = AABB0FBD1A3F28E400FA3530 /* PBXContainerItemProxy */;
		};
		AAF945F21C80121800B972C3 /* PBXTargetDependency */ = {
			isa = PBXTargetDependency;
			target = AA5754011C7FFCC00040E8B0 /* SafeDriveService */;
			targetProxy = AAF945F11C80121800B972C3 /* PBXContainerItemProxy */;
		};
		AAF946071C815D5A00B972C3 /* PBXTargetDependency */ = {
			isa = PBXTargetDependency;
			target = AAF945FE1C815D5A00B972C3 /* SafeDriveFinder */;
			targetProxy = AAF946061C815D5A00B972C3 /* PBXContainerItemProxy */;
		};
/* End PBXTargetDependency section */

/* Begin PBXVariantGroup section */
		AA0A7D1B1A19682000DCB77E /* PreferencesWindow.xib */ = {
			isa = PBXVariantGroup;
			children = (
				AA0A7D1A1A19682000DCB77E /* Base */,
			);
			name = PreferencesWindow.xib;
			sourceTree = "<group>";
		};
		AA0A7D201A19682D00DCB77E /* SDAccountWindow.xib */ = {
			isa = PBXVariantGroup;
			children = (
				AA0A7D1F1A19682D00DCB77E /* Base */,
			);
			name = SDAccountWindow.xib;
			path = SafeDrive/AccountWindow;
			sourceTree = SOURCE_ROOT;
		};
		AA0A7D291A1968BB00DCB77E /* Localizable.strings */ = {
			isa = PBXVariantGroup;
			children = (
				AA0A7D281A1968BB00DCB77E /* Base */,
			);
			name = Localizable.strings;
			path = Localization;
			sourceTree = "<group>";
		};
		AA5754081C7FFCC10040E8B0 /* MainMenu.xib */ = {
			isa = PBXVariantGroup;
			children = (
				AA5754091C7FFCC10040E8B0 /* Base */,
			);
			name = MainMenu.xib;
			sourceTree = "<group>";
		};
		AAA88BDE1C85F5F7009BE1C7 /* DropdownMenu.xib */ = {
			isa = PBXVariantGroup;
			children = (
				AAA88BDD1C85F5F7009BE1C7 /* Base */,
			);
			name = DropdownMenu.xib;
			path = DropdownController;
			sourceTree = "<group>";
		};
/* End PBXVariantGroup section */

/* Begin XCBuildConfiguration section */
		AA31682E1A191B72006CC0EB /* Debug */ = {
			isa = XCBuildConfiguration;
			buildSettings = {
				ALWAYS_SEARCH_USER_PATHS = NO;
				CLANG_CXX_LANGUAGE_STANDARD = "gnu++0x";
				CLANG_CXX_LIBRARY = "libc++";
				CLANG_ENABLE_MODULES = YES;
				CLANG_ENABLE_OBJC_ARC = YES;
				CLANG_WARN_BOOL_CONVERSION = YES;
				CLANG_WARN_CONSTANT_CONVERSION = YES;
				CLANG_WARN_DIRECT_OBJC_ISA_USAGE = YES_ERROR;
				CLANG_WARN_EMPTY_BODY = YES;
				CLANG_WARN_ENUM_CONVERSION = YES;
				CLANG_WARN_INT_CONVERSION = YES;
				CLANG_WARN_OBJC_ROOT_CLASS = YES_ERROR;
				CLANG_WARN_UNREACHABLE_CODE = YES;
				CLANG_WARN__DUPLICATE_METHOD_MATCH = YES;
				CODE_SIGN_IDENTITY = "-";
				COPY_PHASE_STRIP = NO;
				CURRENT_PROJECT_VERSION = 531;
				ENABLE_STRICT_OBJC_MSGSEND = YES;
				ENABLE_TESTABILITY = YES;
				GCC_C_LANGUAGE_STANDARD = gnu99;
				GCC_DYNAMIC_NO_PIC = NO;
				GCC_OPTIMIZATION_LEVEL = 0;
				GCC_PREPROCESSOR_DEFINITIONS = (
					"DEBUG=1",
					"$(inherited)",
				);
				GCC_SYMBOLS_PRIVATE_EXTERN = NO;
				GCC_WARN_64_TO_32_BIT_CONVERSION = YES;
				GCC_WARN_ABOUT_RETURN_TYPE = YES_ERROR;
				GCC_WARN_UNDECLARED_SELECTOR = YES;
				GCC_WARN_UNINITIALIZED_AUTOS = YES_AGGRESSIVE;
				GCC_WARN_UNUSED_FUNCTION = YES;
				GCC_WARN_UNUSED_VARIABLE = YES;
				MACOSX_DEPLOYMENT_TARGET = 10.8;
				MTL_ENABLE_DEBUG_INFO = YES;
				ONLY_ACTIVE_ARCH = YES;
				SDKROOT = macosx;
				VERSIONING_SYSTEM = "apple-generic";
				VERSION_INFO_SUFFIX = "";
			};
			name = Debug;
		};
		AA31682F1A191B72006CC0EB /* Release */ = {
			isa = XCBuildConfiguration;
			buildSettings = {
				ALWAYS_SEARCH_USER_PATHS = NO;
				CLANG_CXX_LANGUAGE_STANDARD = "gnu++0x";
				CLANG_CXX_LIBRARY = "libc++";
				CLANG_ENABLE_MODULES = YES;
				CLANG_ENABLE_OBJC_ARC = YES;
				CLANG_WARN_BOOL_CONVERSION = YES;
				CLANG_WARN_CONSTANT_CONVERSION = YES;
				CLANG_WARN_DIRECT_OBJC_ISA_USAGE = YES_ERROR;
				CLANG_WARN_EMPTY_BODY = YES;
				CLANG_WARN_ENUM_CONVERSION = YES;
				CLANG_WARN_INT_CONVERSION = YES;
				CLANG_WARN_OBJC_ROOT_CLASS = YES_ERROR;
				CLANG_WARN_UNREACHABLE_CODE = YES;
				CLANG_WARN__DUPLICATE_METHOD_MATCH = YES;
				CODE_SIGN_IDENTITY = "-";
				COPY_PHASE_STRIP = YES;
				CURRENT_PROJECT_VERSION = 531;
				DEBUG_INFORMATION_FORMAT = "dwarf-with-dsym";
				ENABLE_NS_ASSERTIONS = NO;
				ENABLE_STRICT_OBJC_MSGSEND = YES;
				GCC_C_LANGUAGE_STANDARD = gnu99;
				GCC_WARN_64_TO_32_BIT_CONVERSION = YES;
				GCC_WARN_ABOUT_RETURN_TYPE = YES_ERROR;
				GCC_WARN_UNDECLARED_SELECTOR = YES;
				GCC_WARN_UNINITIALIZED_AUTOS = YES_AGGRESSIVE;
				GCC_WARN_UNUSED_FUNCTION = YES;
				GCC_WARN_UNUSED_VARIABLE = YES;
				MACOSX_DEPLOYMENT_TARGET = 10.8;
				MTL_ENABLE_DEBUG_INFO = NO;
				SDKROOT = macosx;
				VERSIONING_SYSTEM = "apple-generic";
				VERSION_INFO_SUFFIX = "";
			};
			name = Release;
		};
		AA3168311A191B72006CC0EB /* Debug */ = {
			isa = XCBuildConfiguration;
			baseConfigurationReference = 1138B255340F284F996E10AC /* Pods-SafeDrive.debug.xcconfig */;
			buildSettings = {
				ASSETCATALOG_COMPILER_APPICON_NAME = AppIcon;
				CLANG_ANALYZER_LOCALIZABILITY_NONLOCALIZED = YES;
				CLANG_ANALYZER_NONNULL = YES;
				CLANG_ANALYZER_SECURITY_FLOATLOOPCOUNTER = YES;
				CLANG_ANALYZER_SECURITY_INSECUREAPI_RAND = YES;
				CLANG_ANALYZER_SECURITY_INSECUREAPI_STRCPY = YES;
				CLANG_ENABLE_MODULES = YES;
				CODE_SIGN_ENTITLEMENTS = SafeDrive/SafeDrive.entitlements;
				CODE_SIGN_IDENTITY = "Developer ID Application";
				"CODE_SIGN_IDENTITY[sdk=macosx*]" = "Developer ID Application";
				COMBINE_HIDPI_IMAGES = YES;
				DEBUG_INFORMATION_FORMAT = "dwarf-with-dsym";
				FRAMEWORK_SEARCH_PATHS = (
					"$(inherited)",
					"$(PROJECT_DIR)/Carthage/Build/Mac",
				);
				GCC_PRECOMPILE_PREFIX_HEADER = YES;
				GCC_PREFIX_HEADER = SafeDrive/SafeDrive.pch;
				INFOPLIST_FILE = SafeDrive/Info.plist;
				LD_RUNPATH_SEARCH_PATHS = "$(inherited) @executable_path/../Frameworks";
				MACOSX_DEPLOYMENT_TARGET = 10.9;
				PRODUCT_BUNDLE_IDENTIFIER = "io.safedrive.$(PRODUCT_NAME:rfc1034identifier)";
				PRODUCT_NAME = "$(TARGET_NAME)";
				PROVISIONING_PROFILE = "";
				RUN_CLANG_STATIC_ANALYZER = YES;
				SWIFT_OBJC_BRIDGING_HEADER = "SafeDrive/SafeDrive-Bridging-Header.h";
				SWIFT_OPTIMIZATION_LEVEL = "-Onone";
			};
			name = Debug;
		};
		AA3168321A191B72006CC0EB /* Release */ = {
			isa = XCBuildConfiguration;
			baseConfigurationReference = 1330062E844FCB4F7C981D2C /* Pods-SafeDrive.release.xcconfig */;
			buildSettings = {
				ASSETCATALOG_COMPILER_APPICON_NAME = AppIcon;
				CLANG_ANALYZER_LOCALIZABILITY_NONLOCALIZED = YES;
				CLANG_ANALYZER_NONNULL = YES;
				CLANG_ANALYZER_SECURITY_FLOATLOOPCOUNTER = YES;
				CLANG_ANALYZER_SECURITY_INSECUREAPI_RAND = YES;
				CLANG_ANALYZER_SECURITY_INSECUREAPI_STRCPY = YES;
				CLANG_ENABLE_MODULES = YES;
				CODE_SIGN_ENTITLEMENTS = SafeDrive/SafeDrive.entitlements;
				CODE_SIGN_IDENTITY = "Developer ID Application";
				"CODE_SIGN_IDENTITY[sdk=macosx*]" = "Developer ID Application";
				COMBINE_HIDPI_IMAGES = YES;
				FRAMEWORK_SEARCH_PATHS = (
					"$(inherited)",
					"$(PROJECT_DIR)/Carthage/Build/Mac",
				);
				GCC_PRECOMPILE_PREFIX_HEADER = YES;
				GCC_PREFIX_HEADER = SafeDrive/SafeDrive.pch;
				INFOPLIST_FILE = SafeDrive/Info.plist;
				LD_RUNPATH_SEARCH_PATHS = "$(inherited) @executable_path/../Frameworks";
				MACOSX_DEPLOYMENT_TARGET = 10.9;
				PRODUCT_BUNDLE_IDENTIFIER = "io.safedrive.$(PRODUCT_NAME:rfc1034identifier)";
				PRODUCT_NAME = "$(TARGET_NAME)";
				PROVISIONING_PROFILE = "";
				RUN_CLANG_STATIC_ANALYZER = YES;
				SWIFT_OBJC_BRIDGING_HEADER = "SafeDrive/SafeDrive-Bridging-Header.h";
			};
			name = Release;
		};
		AA3168341A191B72006CC0EB /* Debug */ = {
			isa = XCBuildConfiguration;
			buildSettings = {
				BUNDLE_LOADER = "$(TEST_HOST)";
				COMBINE_HIDPI_IMAGES = YES;
				FRAMEWORK_SEARCH_PATHS = (
					"$(DEVELOPER_FRAMEWORKS_DIR)",
					"$(inherited)",
				);
				GCC_PREPROCESSOR_DEFINITIONS = (
					"DEBUG=1",
					"$(inherited)",
				);
				INFOPLIST_FILE = SafeDriveTests/Info.plist;
				LD_RUNPATH_SEARCH_PATHS = "$(inherited) @executable_path/../Frameworks @loader_path/../Frameworks";
				MACOSX_DEPLOYMENT_TARGET = 10.9;
				PRODUCT_BUNDLE_IDENTIFIER = "com.safedrive.$(PRODUCT_NAME:rfc1034identifier)";
				PRODUCT_NAME = "$(TARGET_NAME)";
				TEST_HOST = "$(BUILT_PRODUCTS_DIR)/SafeDrive.app/Contents/MacOS/SafeDrive";
			};
			name = Debug;
		};
		AA3168351A191B72006CC0EB /* Release */ = {
			isa = XCBuildConfiguration;
			buildSettings = {
				BUNDLE_LOADER = "$(TEST_HOST)";
				COMBINE_HIDPI_IMAGES = YES;
				FRAMEWORK_SEARCH_PATHS = (
					"$(DEVELOPER_FRAMEWORKS_DIR)",
					"$(inherited)",
				);
				INFOPLIST_FILE = SafeDriveTests/Info.plist;
				LD_RUNPATH_SEARCH_PATHS = "$(inherited) @executable_path/../Frameworks @loader_path/../Frameworks";
				MACOSX_DEPLOYMENT_TARGET = 10.9;
				PRODUCT_BUNDLE_IDENTIFIER = "com.safedrive.$(PRODUCT_NAME:rfc1034identifier)";
				PRODUCT_NAME = "$(TARGET_NAME)";
				TEST_HOST = "$(BUILT_PRODUCTS_DIR)/SafeDrive.app/Contents/MacOS/SafeDrive";
			};
			name = Release;
		};
		AA4E773E1A3E9B1D0054BBCA /* Debug */ = {
			isa = XCBuildConfiguration;
			baseConfigurationReference = 37C31FA73431CC72328C7A49 /* Pods-safedriveaskpass.debug.xcconfig */;
			buildSettings = {
				CODE_SIGN_ENTITLEMENTS = "";
				CODE_SIGN_IDENTITY = "Developer ID Application";
				CREATE_INFOPLIST_SECTION_IN_BINARY = YES;
				GCC_PREPROCESSOR_DEFINITIONS = (
					"DEBUG=1",
					"$(inherited)",
				);
				INFOPLIST_FILE = safedriveaskpass/Info.plist;
				LIBRARY_SEARCH_PATHS = (
					"$(inherited)",
					"$(USER_LIBRARY_DIR)/Developer/Xcode/DerivedData/SafeDrive-chuvxsgbhfnlbyfxzkgdnlscvvoy/Build/Products/Debug",
				);
				MACOSX_DEPLOYMENT_TARGET = 10.9;
				PRODUCT_BUNDLE_IDENTIFIER = io.safedrive.SafeDrive;
				PRODUCT_NAME = "$(TARGET_NAME)";
				SKIP_INSTALL = YES;
			};
			name = Debug;
		};
		AA4E773F1A3E9B1D0054BBCA /* Release */ = {
			isa = XCBuildConfiguration;
			baseConfigurationReference = BE2D8449BAB0BAC9033667C6 /* Pods-safedriveaskpass.release.xcconfig */;
			buildSettings = {
				CODE_SIGN_ENTITLEMENTS = "";
				CODE_SIGN_IDENTITY = "Developer ID Application";
				CREATE_INFOPLIST_SECTION_IN_BINARY = YES;
				INFOPLIST_FILE = safedriveaskpass/Info.plist;
				LIBRARY_SEARCH_PATHS = (
					"$(inherited)",
					"$(USER_LIBRARY_DIR)/Developer/Xcode/DerivedData/SafeDrive-chuvxsgbhfnlbyfxzkgdnlscvvoy/Build/Products/Debug",
				);
				MACOSX_DEPLOYMENT_TARGET = 10.9;
				PRODUCT_BUNDLE_IDENTIFIER = io.safedrive.SafeDrive;
				PRODUCT_NAME = "$(TARGET_NAME)";
				SKIP_INSTALL = YES;
			};
			name = Release;
		};
		AA57540D1C7FFCC10040E8B0 /* Debug */ = {
			isa = XCBuildConfiguration;
			baseConfigurationReference = 4DB687DE7661DC80E407B429 /* Pods-SafeDriveService.debug.xcconfig */;
			buildSettings = {
				ASSETCATALOG_COMPILER_APPICON_NAME = AppIcon;
				CODE_SIGN_ENTITLEMENTS = Service/SafeDriveService.entitlements;
				CODE_SIGN_IDENTITY = "Developer ID Application";
				"CODE_SIGN_IDENTITY[sdk=macosx*]" = "Developer ID Application";
				COMBINE_HIDPI_IMAGES = YES;
				DEBUG_INFORMATION_FORMAT = "dwarf-with-dsym";
				FRAMEWORK_SEARCH_PATHS = (
					"$(inherited)",
					"$(PROJECT_DIR)/Carthage/Build/Mac",
				);
				GCC_NO_COMMON_BLOCKS = YES;
				INFOPLIST_FILE = Service/Info.plist;
				LD_RUNPATH_SEARCH_PATHS = "$(inherited) @executable_path/../Frameworks";
				MACOSX_DEPLOYMENT_TARGET = 10.9;
				PRODUCT_BUNDLE_IDENTIFIER = io.safedrive.SafeDrive.Service;
				PRODUCT_NAME = "$(TARGET_NAME)";
				SWIFT_OBJC_BRIDGING_HEADER = "Service/SafeDriveService-Bridging-Header.h";
				SWIFT_OPTIMIZATION_LEVEL = "-Onone";
			};
			name = Debug;
		};
		AA57540E1C7FFCC10040E8B0 /* Release */ = {
			isa = XCBuildConfiguration;
			baseConfigurationReference = 2AF739FC659AF44971553AE9 /* Pods-SafeDriveService.release.xcconfig */;
			buildSettings = {
				ASSETCATALOG_COMPILER_APPICON_NAME = AppIcon;
				CODE_SIGN_ENTITLEMENTS = Service/SafeDriveService.entitlements;
				CODE_SIGN_IDENTITY = "Developer ID Application";
				"CODE_SIGN_IDENTITY[sdk=macosx*]" = "Developer ID Application";
				COMBINE_HIDPI_IMAGES = YES;
				COPY_PHASE_STRIP = NO;
				FRAMEWORK_SEARCH_PATHS = (
					"$(inherited)",
					"\"$CONFIGURATION_BUILD_DIR/AFNetworking\"",
					"\"$CONFIGURATION_BUILD_DIR/MCSMKeychainItem-framework\"",
					"\"$CONFIGURATION_BUILD_DIR/NMSSH\"",
					"\"$CONFIGURATION_BUILD_DIR/UICKeyChainStore-framework\"",
					"\"${PODS_ROOT}/Crashlytics/OSX\"",
					"\"${PODS_ROOT}/Fabric/OSX\"",
					"$(PROJECT_DIR)/Carthage/Build/Mac",
				);
				GCC_NO_COMMON_BLOCKS = YES;
				INFOPLIST_FILE = Service/Info.plist;
				LD_RUNPATH_SEARCH_PATHS = "$(inherited) @executable_path/../Frameworks";
				MACOSX_DEPLOYMENT_TARGET = 10.9;
				PRODUCT_BUNDLE_IDENTIFIER = io.safedrive.SafeDrive.Service;
				PRODUCT_NAME = "$(TARGET_NAME)";
				SWIFT_OBJC_BRIDGING_HEADER = "Service/SafeDriveService-Bridging-Header.h";
			};
			name = Release;
		};
		AAF946091C815D5A00B972C3 /* Debug */ = {
			isa = XCBuildConfiguration;
			baseConfigurationReference = 7A8EB5F8F78ED848C64BE0AE /* Pods-SafeDriveFinder.debug.xcconfig */;
			buildSettings = {
				CODE_SIGN_ENTITLEMENTS = Finder/Finder.entitlements;
				CODE_SIGN_IDENTITY = "Developer ID Application";
				"CODE_SIGN_IDENTITY[sdk=macosx*]" = "Developer ID Application";
				COMBINE_HIDPI_IMAGES = YES;
				DEBUG_INFORMATION_FORMAT = "dwarf-with-dsym";
				FRAMEWORK_SEARCH_PATHS = "$(PROJECT_DIR)/Carthage/Build/Mac";
				GCC_NO_COMMON_BLOCKS = YES;
				INFOPLIST_FILE = Finder/Info.plist;
				LD_RUNPATH_SEARCH_PATHS = "$(inherited) @executable_path/../Frameworks @executable_path/../../../../Frameworks";
				MACOSX_DEPLOYMENT_TARGET = 10.10;
				PRODUCT_BUNDLE_IDENTIFIER = io.safedrive.SafeDrive.Finder;
				PRODUCT_NAME = "$(TARGET_NAME)";
				SKIP_INSTALL = YES;
				SWIFT_OBJC_BRIDGING_HEADER = "Finder/SafeDriveFinder-Bridging-Header.h";
				SWIFT_OPTIMIZATION_LEVEL = "-Onone";
			};
			name = Debug;
		};
		AAF9460A1C815D5A00B972C3 /* Release */ = {
			isa = XCBuildConfiguration;
			baseConfigurationReference = 20AE37BB28CC713D42C305A5 /* Pods-SafeDriveFinder.release.xcconfig */;
			buildSettings = {
				CODE_SIGN_ENTITLEMENTS = Finder/Finder.entitlements;
				CODE_SIGN_IDENTITY = "Developer ID Application";
				"CODE_SIGN_IDENTITY[sdk=macosx*]" = "Developer ID Application";
				COMBINE_HIDPI_IMAGES = YES;
				COPY_PHASE_STRIP = NO;
				FRAMEWORK_SEARCH_PATHS = "$(PROJECT_DIR)/Carthage/Build/Mac";
				GCC_NO_COMMON_BLOCKS = YES;
				INFOPLIST_FILE = Finder/Info.plist;
				LD_RUNPATH_SEARCH_PATHS = "$(inherited) @executable_path/../Frameworks @executable_path/../../../../Frameworks";
				MACOSX_DEPLOYMENT_TARGET = 10.10;
				PRODUCT_BUNDLE_IDENTIFIER = io.safedrive.SafeDrive.Finder;
				PRODUCT_NAME = "$(TARGET_NAME)";
				SKIP_INSTALL = YES;
				SWIFT_OBJC_BRIDGING_HEADER = "Finder/SafeDriveFinder-Bridging-Header.h";
			};
			name = Release;
		};
/* End XCBuildConfiguration section */

/* Begin XCConfigurationList section */
		AA31680E1A191B72006CC0EB /* Build configuration list for PBXProject "SafeDrive" */ = {
			isa = XCConfigurationList;
			buildConfigurations = (
				AA31682E1A191B72006CC0EB /* Debug */,
				AA31682F1A191B72006CC0EB /* Release */,
			);
			defaultConfigurationIsVisible = 0;
			defaultConfigurationName = Release;
		};
		AA3168301A191B72006CC0EB /* Build configuration list for PBXNativeTarget "SafeDrive" */ = {
			isa = XCConfigurationList;
			buildConfigurations = (
				AA3168311A191B72006CC0EB /* Debug */,
				AA3168321A191B72006CC0EB /* Release */,
			);
			defaultConfigurationIsVisible = 0;
			defaultConfigurationName = Release;
		};
		AA3168331A191B72006CC0EB /* Build configuration list for PBXNativeTarget "SafeDriveTests" */ = {
			isa = XCConfigurationList;
			buildConfigurations = (
				AA3168341A191B72006CC0EB /* Debug */,
				AA3168351A191B72006CC0EB /* Release */,
			);
			defaultConfigurationIsVisible = 0;
			defaultConfigurationName = Release;
		};
		AA4E77401A3E9B1D0054BBCA /* Build configuration list for PBXNativeTarget "safedriveaskpass" */ = {
			isa = XCConfigurationList;
			buildConfigurations = (
				AA4E773E1A3E9B1D0054BBCA /* Debug */,
				AA4E773F1A3E9B1D0054BBCA /* Release */,
			);
			defaultConfigurationIsVisible = 0;
			defaultConfigurationName = Release;
		};
		AA57540C1C7FFCC10040E8B0 /* Build configuration list for PBXNativeTarget "SafeDriveService" */ = {
			isa = XCConfigurationList;
			buildConfigurations = (
				AA57540D1C7FFCC10040E8B0 /* Debug */,
				AA57540E1C7FFCC10040E8B0 /* Release */,
			);
			defaultConfigurationIsVisible = 0;
			defaultConfigurationName = Release;
		};
		AAF9460B1C815D5A00B972C3 /* Build configuration list for PBXNativeTarget "SafeDriveFinder" */ = {
			isa = XCConfigurationList;
			buildConfigurations = (
				AAF946091C815D5A00B972C3 /* Debug */,
				AAF9460A1C815D5A00B972C3 /* Release */,
			);
			defaultConfigurationIsVisible = 0;
			defaultConfigurationName = Release;
		};
/* End XCConfigurationList section */
	};
	rootObject = AA31680B1A191B72006CC0EB /* Project object */;
}
